// !$*UTF8*$!
{
	archiveVersion = 1;
	classes = {
	};
	objectVersion = 39;
	objects = {
		072967D5073217F0003D50F6 = {
			buildActionMask = 2147483647;
			dstPath = Scripts;
			dstSubfolderSpec = 7;
			files = (
				07FFC73F07373696000932D3,
			);
			isa = PBXCopyFilesBuildPhase;
			runOnlyForDeploymentPostprocessing = 0;
		};
		07E68DFF072F8BF600A9321A = {
			children = (
				EBDF4CE804009EA7005DC01B,
			);
			isa = PBXVariantGroup;
			name = Localizable.strings;
			refType = 4;
			sourceTree = "<group>";
		};
		07E68E1E072F8C7600A9321A = {
			buildPhases = (
				07E68E2B072F8C7600A9321A,
				072967D5073217F0003D50F6,
				07E68E32072F8C7600A9321A,
				07E68E3B072F8C7600A9321A,
				07E68E40072F8C7600A9321A,
			);
			buildRules = (
			);
			buildSettings = {
				DEBUGGING_SYMBOLS = NO;
				FRAMEWORK_SEARCH_PATHS = ./;
				GCC_C_LANGUAGE_STANDARD = c99;
				HEADER_SEARCH_PATHS = "";
				INFOPLIST_FILE = Info.plist;
				INSTALL_PATH = "$(HOME)/Applications";
				LIBRARY_SEARCH_FLAGS = "";
				OTHER_CFLAGS = "";
				OTHER_LDFLAGS = "-multiply_defined suppress";
				PRODUCT_NAME = iScrobbler;
				SECTORDER_FLAGS = "";
				WARNING_CFLAGS = "-Wmost -Wno-four-char-constants -Wno-unknown-pragmas";
				WRAPPER_EXTENSION = app;
			};
			dependencies = (
			);
			isa = PBXNativeTarget;
			name = iScrobbler;
			productInstallPath = "$(HOME)/Applications";
			productName = iScrobbler;
			productReference = 07E68E42072F8C7600A9321A;
			productType = "com.apple.product-type.application";
		};
		07E68E2B072F8C7600A9321A = {
			buildActionMask = 2147483647;
			files = (
				07E68E2D072F8C7600A9321A,
				07E68E2E072F8C7600A9321A,
				07E68F2E072FF9DD00A9321A,
				07E68E30072F8C7600A9321A,
				07E68E31072F8C7600A9321A,
				D312F983073C32DE00A2CFD5,
				D312F988073C32F600A2CFD5,
			);
			isa = PBXResourcesBuildPhase;
			runOnlyForDeploymentPostprocessing = 0;
		};
		07E68E2D072F8C7600A9321A = {
			fileRef = 29B97318FDCFA39411CA2CEA;
			isa = PBXBuildFile;
			settings = {
			};
		};
		07E68E2E072F8C7600A9321A = {
			fileRef = DC00A46205B21B9200674DB4;
			isa = PBXBuildFile;
			settings = {
			};
		};
		07E68E30072F8C7600A9321A = {
			fileRef = 089C165CFE840E0CC02AAC07;
			isa = PBXBuildFile;
			settings = {
			};
		};
		07E68E31072F8C7600A9321A = {
			fileRef = 07E68DFF072F8BF600A9321A;
			isa = PBXBuildFile;
			settings = {
			};
		};
		07E68E32072F8C7600A9321A = {
			buildActionMask = 2147483647;
			files = (
				07E68E33072F8C7600A9321A,
				07E68E34072F8C7600A9321A,
				07E68E35072F8C7600A9321A,
				07E68E36072F8C7600A9321A,
				07E68E37072F8C7600A9321A,
				07E68E38072F8C7600A9321A,
				07E68E3A072F8C7600A9321A,
				07FFC3ED0734FAB3000932D3,
			);
			isa = PBXSourcesBuildPhase;
			runOnlyForDeploymentPostprocessing = 0;
		};
		07E68E33072F8C7600A9321A = {
			fileRef = EB50662D03FBB239005DC01B;
			isa = PBXBuildFile;
			settings = {
			};
		};
		07E68E34072F8C7600A9321A = {
			fileRef = F575CE9702FE0E8801A80164;
			isa = PBXBuildFile;
			settings = {
			};
		};
		07E68E35072F8C7600A9321A = {
			fileRef = F575CEAA02FF7F3501A80164;
			isa = PBXBuildFile;
			settings = {
			};
		};
		07E68E36072F8C7600A9321A = {
			fileRef = 29B97316FDCFA39411CA2CEA;
			isa = PBXBuildFile;
			settings = {
			};
		};
		07E68E37072F8C7600A9321A = {
			fileRef = EB506A5B03FBF354005DC01B;
			isa = PBXBuildFile;
			settings = {
			};
		};
		07E68E38072F8C7600A9321A = {
			fileRef = EB607519042A747B005DC01B;
			isa = PBXBuildFile;
			settings = {
			};
		};
		07E68E3A072F8C7600A9321A = {
			fileRef = EB7746A1043C9839005DC01B;
			isa = PBXBuildFile;
			settings = {
			};
		};
		07E68E3B072F8C7600A9321A = {
			buildActionMask = 2147483647;
			files = (
				07E68E3C072F8C7600A9321A,
				07E68E3D072F8C7600A9321A,
				07FFBE090732B877000932D3,
			);
			isa = PBXFrameworksBuildPhase;
			runOnlyForDeploymentPostprocessing = 0;
		};
		07E68E3C072F8C7600A9321A = {
			fileRef = 1058C7A1FEA54F0111CA2CBB;
			isa = PBXBuildFile;
			settings = {
			};
		};
		07E68E3D072F8C7600A9321A = {
			fileRef = EB5069A903FBC43A005DC01B;
			isa = PBXBuildFile;
			settings = {
			};
		};
		07E68E40072F8C7600A9321A = {
			buildActionMask = 2147483647;
			files = (
			);
			isa = PBXRezBuildPhase;
			runOnlyForDeploymentPostprocessing = 0;
		};
		07E68E41072F8C7600A9321A = {
			isa = PBXFileReference;
			lastKnownFileType = text.xml;
			path = Info.plist;
			refType = 4;
			sourceTree = "<group>";
		};
		07E68E42072F8C7600A9321A = {
			explicitFileType = wrapper.application;
			includeInIndex = 0;
			isa = PBXFileReference;
			path = iScrobbler.app;
			refType = 3;
			sourceTree = BUILT_PRODUCTS_DIR;
		};
		07E68F2D072FF9DD00A9321A = {
			children = (
				F575CEAE02FF7FB901A80164,
			);
			isa = PBXVariantGroup;
			name = Preferences.nib;
			refType = 4;
			sourceTree = "<group>";
		};
		07E68F2E072FF9DD00A9321A = {
			fileRef = 07E68F2D072FF9DD00A9321A;
			isa = PBXBuildFile;
			settings = {
			};
		};
		07E68F32072FFF0100A9321A = {
			children = (
				07E68F33072FFF0100A9321A,
			);
			isa = PBXVariantGroup;
			name = ResultsDetail.nib;
			path = "";
			refType = 4;
			sourceTree = "<group>";
		};
		07E68F33072FFF0100A9321A = {
			isa = PBXFileReference;
			lastKnownFileType = wrapper.nib;
			name = English;
			path = English.lproj/ResultsDetail.nib;
			refType = 2;
			sourceTree = SOURCE_ROOT;
		};
		07FFBE080732B877000932D3 = {
			isa = PBXFileReference;
			lastKnownFileType = "compiled.mach-o.dylib";
			name = libcrypto.dylib;
			path = /usr/lib/libcrypto.dylib;
			refType = 0;
			sourceTree = "<absolute>";
		};
		07FFBE090732B877000932D3 = {
			fileRef = 07FFBE080732B877000932D3;
			isa = PBXBuildFile;
			settings = {
			};
		};
		07FFC1E507339F96000932D3 = {
			fileEncoding = 4;
			isa = PBXFileReference;
			lastKnownFileType = sourcecode.c.h;
			path = AudioScrobblerProtocol.h;
			refType = 4;
			sourceTree = "<group>";
		};
		07FFC1E607339F96000932D3 = {
			fileEncoding = 4;
			isa = PBXFileReference;
			lastKnownFileType = sourcecode.c.objc;
			path = AudioScrobblerProtocol.m;
			refType = 4;
			sourceTree = "<group>";
		};
		07FFC3ED0734FAB3000932D3 = {
			fileRef = 07FFC1E607339F96000932D3;
			isa = PBXBuildFile;
			settings = {
			};
		};
		07FFC73F07373696000932D3 = {
			fileRef = F5D8D308030C568001A80164;
			isa = PBXBuildFile;
			settings = {
			};
		};
//070
//071
//072
//073
//074
//080
//081
//082
//083
//084
		080E96DDFE201D6D7F000001 = {
			children = (
				F575CE9702FE0E8801A80164,
				07FFC1E607339F96000932D3,
				F575CEAA02FF7F3501A80164,
				EB506A5B03FBF354005DC01B,
				EB7746A1043C9839005DC01B,
				EB50662D03FBB239005DC01B,
				EB607519042A747B005DC01B,
			);
			isa = PBXGroup;
			name = Classes;
			refType = 4;
			sourceTree = "<group>";
		};
		089C165CFE840E0CC02AAC07 = {
			children = (
				089C165DFE840E0CC02AAC07,
			);
			isa = PBXVariantGroup;
			name = InfoPlist.strings;
			refType = 4;
			sourceTree = "<group>";
		};
		089C165DFE840E0CC02AAC07 = {
			fileEncoding = 10;
			isa = PBXFileReference;
			lastKnownFileType = text.plist.strings;
			name = English;
			path = English.lproj/InfoPlist.strings;
			refType = 4;
			sourceTree = "<group>";
		};
//080
//081
//082
//083
//084
//100
//101
//102
//103
//104
		1058C7A0FEA54F0111CA2CBB = {
			children = (
				EB5069A903FBC43A005DC01B,
				1058C7A1FEA54F0111CA2CBB,
			);
			isa = PBXGroup;
			name = "Linked Frameworks";
			refType = 4;
			sourceTree = "<group>";
		};
		1058C7A1FEA54F0111CA2CBB = {
			isa = PBXFileReference;
			lastKnownFileType = wrapper.framework;
			name = Cocoa.framework;
			path = /System/Library/Frameworks/Cocoa.framework;
			refType = 0;
			sourceTree = "<absolute>";
		};
		1058C7A2FEA54F0111CA2CBB = {
			children = (
				29B97325FDCFA39411CA2CEA,
				29B97324FDCFA39411CA2CEA,
			);
			isa = PBXGroup;
			name = "Other Frameworks";
			refType = 4;
			sourceTree = "<group>";
		};
//100
//101
//102
//103
//104
//190
//191
//192
//193
//194
		19C28FACFE9D520D11CA2CBB = {
			children = (
				07E68E42072F8C7600A9321A,
			);
			isa = PBXGroup;
			name = Products;
			refType = 4;
			sourceTree = "<group>";
		};
//190
//191
//192
//193
//194
//290
//291
//292
//293
//294
		29B97313FDCFA39411CA2CEA = {
			buildSettings = {
			};
			buildStyles = (
				4A9504CCFFE6A4B311CA0CBA,
				4A9504CDFFE6A4B311CA0CBA,
			);
			hasScannedForEncodings = 1;
			isa = PBXProject;
			mainGroup = 29B97314FDCFA39411CA2CEA;
			projectDirPath = "";
			targets = (
				07E68E1E072F8C7600A9321A,
			);
		};
		29B97314FDCFA39411CA2CEA = {
			children = (
				EB45285C040A8D11005DC01B,
				EB24D529040AECC8005DC01B,
				EB16394A04080C51005DC01B,
				EB1639550408132E005DC01B,
				080E96DDFE201D6D7F000001,
				EB50663103FBB296005DC01B,
				29B97315FDCFA39411CA2CEA,
				29B97317FDCFA39411CA2CEA,
				29B97323FDCFA39411CA2CEA,
				19C28FACFE9D520D11CA2CBB,
			);
			isa = PBXGroup;
			name = "Recent Tunes";
			path = "";
			refType = 4;
			sourceTree = "<group>";
		};
		29B97315FDCFA39411CA2CEA = {
			children = (
				EBDF4CE6040094E5005DC01B,
				29B97316FDCFA39411CA2CEA,
			);
			isa = PBXGroup;
			name = "Other Sources";
			path = "";
			refType = 4;
			sourceTree = "<group>";
		};
		29B97316FDCFA39411CA2CEA = {
			fileEncoding = 30;
			isa = PBXFileReference;
			lastKnownFileType = sourcecode.c.objc;
			path = main.m;
			refType = 4;
			sourceTree = "<group>";
		};
		29B97317FDCFA39411CA2CEA = {
			children = (
				D312F986073C32F600A2CFD5,
				07E68E41072F8C7600A9321A,
				07E68DFF072F8BF600A9321A,
				29B97318FDCFA39411CA2CEA,
				07E68F2D072FF9DD00A9321A,
				07E68F32072FFF0100A9321A,
				F5D8D308030C568001A80164,
				D312F982073C32DE00A2CFD5,
				089C165CFE840E0CC02AAC07,
				DC00A46205B21B9200674DB4,
			);
			isa = PBXGroup;
			name = Resources;
			path = "";
			refType = 4;
			sourceTree = "<group>";
		};
		29B97318FDCFA39411CA2CEA = {
			children = (
				29B97319FDCFA39411CA2CEA,
			);
			isa = PBXVariantGroup;
			name = MainMenu.nib;
			path = "";
			refType = 4;
			sourceTree = "<group>";
		};
		29B97319FDCFA39411CA2CEA = {
			isa = PBXFileReference;
			lastKnownFileType = wrapper.nib;
			name = English;
			path = English.lproj/MainMenu.nib;
			refType = 4;
			sourceTree = "<group>";
		};
		29B97323FDCFA39411CA2CEA = {
			children = (
				07FFBE080732B877000932D3,
				1058C7A0FEA54F0111CA2CBB,
				1058C7A2FEA54F0111CA2CBB,
			);
			isa = PBXGroup;
			name = Frameworks;
			path = "";
			refType = 4;
			sourceTree = "<group>";
		};
		29B97324FDCFA39411CA2CEA = {
			isa = PBXFileReference;
			lastKnownFileType = wrapper.framework;
			name = AppKit.framework;
			path = /System/Library/Frameworks/AppKit.framework;
			refType = 0;
			sourceTree = "<absolute>";
		};
		29B97325FDCFA39411CA2CEA = {
			isa = PBXFileReference;
			lastKnownFileType = wrapper.framework;
			name = Foundation.framework;
			path = /System/Library/Frameworks/Foundation.framework;
			refType = 0;
			sourceTree = "<absolute>";
		};
//290
//291
//292
//293
//294
//4A0
//4A1
//4A2
//4A3
//4A4
		4A9504CCFFE6A4B311CA0CBA = {
			buildSettings = {
				COPY_PHASE_STRIP = NO;
				GCC_DYNAMIC_NO_PIC = NO;
				GCC_ENABLE_FIX_AND_CONTINUE = YES;
				GCC_GENERATE_DEBUGGING_SYMBOLS = YES;
				GCC_OPTIMIZATION_LEVEL = 0;
				OPTIMIZATION_CFLAGS = "-O0";
				ZERO_LINK = YES;
			};
			isa = PBXBuildStyle;
			name = Development;
		};
		4A9504CDFFE6A4B311CA0CBA = {
			buildSettings = {
				COPY_PHASE_STRIP = YES;
				GCC_ENABLE_FIX_AND_CONTINUE = NO;
				ZERO_LINK = NO;
			};
			isa = PBXBuildStyle;
			name = Deployment;
		};
//4A0
//4A1
//4A2
//4A3
//4A4
//D30
//D31
//D32
//D33
//D34
		D312F982073C32DE00A2CFD5 = {
			fileEncoding = 30;
			isa = PBXFileReference;
			lastKnownFileType = sourcecode.applescript;
			path = iPodUpdate.applescript;
			refType = 4;
			sourceTree = "<group>";
		};
		D312F983073C32DE00A2CFD5 = {
			fileRef = D312F982073C32DE00A2CFD5;
			isa = PBXBuildFile;
			settings = {
			};
		};
		D312F986073C32F600A2CFD5 = {
			children = (
				D312F987073C32F600A2CFD5,
			);
			isa = PBXVariantGroup;
			name = iPodLimitations.rtf;
			path = "";
			refType = 4;
			sourceTree = "<group>";
		};
		D312F987073C32F600A2CFD5 = {
			isa = PBXFileReference;
			lastKnownFileType = text.rtf;
			name = English;
			path = English.lproj/iPodLimitations.rtf;
			refType = 4;
			sourceTree = "<group>";
		};
		D312F988073C32F600A2CFD5 = {
			fileRef = D312F986073C32F600A2CFD5;
			isa = PBXBuildFile;
			settings = {
			};
		};
//D30
//D31
//D32
//D33
//D34
//DC0
//DC1
//DC2
//DC3
//DC4
		DC00A46205B21B9200674DB4 = {
			isa = PBXFileReference;
			lastKnownFileType = image.icns;
			path = iscrobbler.icns;
			refType = 4;
			sourceTree = "<group>";
		};
//DC0
//DC1
//DC2
//DC3
//DC4
//EB0
//EB1
//EB2
//EB3
//EB4
		EB16394A04080C51005DC01B = {
			fileEncoding = 4;
			isa = PBXFileReference;
			lastKnownFileType = text;
			path = README;
			refType = 4;
			sourceTree = "<group>";
		};
		EB1639550408132E005DC01B = {
			fileEncoding = 30;
			isa = PBXFileReference;
			lastKnownFileType = text;
			path = INSTALL;
			refType = 4;
			sourceTree = "<group>";
		};
		EB24D529040AECC8005DC01B = {
			fileEncoding = 4;
			isa = PBXFileReference;
			lastKnownFileType = text;
			path = CHANGE_LOG;
			refType = 4;
			sourceTree = "<group>";
		};
		EB45285C040A8D11005DC01B = {
			fileEncoding = 4;
			isa = PBXFileReference;
			lastKnownFileType = text;
			path = KNOWN_ISSUES;
			refType = 4;
			sourceTree = "<group>";
		};
		EB50662D03FBB239005DC01B = {
			fileEncoding = 4;
			isa = PBXFileReference;
			lastKnownFileType = sourcecode.c.objc;
			path = Keychain.m;
			refType = 4;
			sourceTree = "<group>";
		};
		EB50662F03FBB284005DC01B = {
			fileEncoding = 4;
			isa = PBXFileReference;
			lastKnownFileType = sourcecode.c.h;
			path = Keychain.h;
			refType = 4;
			sourceTree = "<group>";
		};
		EB50663103FBB296005DC01B = {
			children = (
				07FFC1E507339F96000932D3,
				F575CE9802FE0E8801A80164,
				F575CEAB02FF7F3501A80164,
				EB506A5A03FBF354005DC01B,
				EB7746A0043C9839005DC01B,
				EB50662F03FBB284005DC01B,
				EB607518042A747B005DC01B,
			);
			isa = PBXGroup;
			name = Headers;
			path = "";
			refType = 4;
			sourceTree = "<group>";
		};
		EB5069A903FBC43A005DC01B = {
			isa = PBXFileReference;
			lastKnownFileType = wrapper.framework;
			name = Security.framework;
			path = /System/Library/Frameworks/Security.framework;
			refType = 0;
			sourceTree = "<absolute>";
		};
		EB506A5A03FBF354005DC01B = {
			fileEncoding = 4;
			isa = PBXFileReference;
			lastKnownFileType = sourcecode.c.h;
			path = NSString_iScrobblerAdditions.h;
			refType = 4;
			sourceTree = "<group>";
		};
		EB506A5B03FBF354005DC01B = {
			fileEncoding = 4;
			isa = PBXFileReference;
			lastKnownFileType = sourcecode.c.objc;
			path = NSString_iScrobblerAdditions.m;
			refType = 4;
			sourceTree = "<group>";
		};
		EB607518042A747B005DC01B = {
			fileEncoding = 4;
			isa = PBXFileReference;
			lastKnownFileType = sourcecode.c.h;
			lineEnding = 2;
			path = SongData.h;
			refType = 4;
			sourceTree = "<group>";
		};
		EB607519042A747B005DC01B = {
			fileEncoding = 4;
			isa = PBXFileReference;
			lastKnownFileType = sourcecode.c.objc;
			lineEnding = 0;
			path = SongData.m;
			refType = 4;
			sourceTree = "<group>";
		};
		EB7746A0043C9839005DC01B = {
			fileEncoding = 4;
			isa = PBXFileReference;
			lastKnownFileType = sourcecode.c.h;
			path = "NSDictionary+httpEncoding.h";
			refType = 4;
			sourceTree = "<group>";
		};
		EB7746A1043C9839005DC01B = {
			fileEncoding = 4;
			isa = PBXFileReference;
			lastKnownFileType = sourcecode.c.objc;
			path = "NSDictionary+httpEncoding.m";
			refType = 4;
			sourceTree = "<group>";
		};
		EBDF4CE6040094E5005DC01B = {
			fileEncoding = 4;
			isa = PBXFileReference;
			lastKnownFileType = sourcecode.c.h;
			path = PreferenceControllerStrings.h;
			refType = 4;
			sourceTree = "<group>";
		};
		EBDF4CE804009EA7005DC01B = {
			fileEncoding = 10;
			isa = PBXFileReference;
			lastKnownFileType = text.plist.strings;
			name = English;
			path = English.lproj/Localizable.strings;
			refType = 4;
			sourceTree = "<group>";
		};
//EB0
//EB1
//EB2
//EB3
//EB4
//F50
//F51
//F52
//F53
//F54
		F575CE9702FE0E8801A80164 = {
			fileEncoding = 30;
			isa = PBXFileReference;
			lastKnownFileType = sourcecode.c.objc;
			lineEnding = 0;
			path = iScrobblerController.m;
			refType = 4;
			sourceTree = "<group>";
		};
		F575CE9802FE0E8801A80164 = {
			fileEncoding = 30;
			isa = PBXFileReference;
			lastKnownFileType = sourcecode.c.h;
			path = iScrobblerController.h;
			refType = 4;
			sourceTree = "<group>";
		};
		F575CEAA02FF7F3501A80164 = {
			fileEncoding = 30;
			isa = PBXFileReference;
			lastKnownFileType = sourcecode.c.objc;
			lineEnding = 0;
			path = PreferenceController.m;
			refType = 4;
			sourceTree = "<group>";
		};
		F575CEAB02FF7F3501A80164 = {
			fileEncoding = 30;
			isa = PBXFileReference;
			lastKnownFileType = sourcecode.c.h;
			path = PreferenceController.h;
			refType = 4;
			sourceTree = "<group>";
		};
		F575CEAE02FF7FB901A80164 = {
			isa = PBXFileReference;
			lastKnownFileType = wrapper.nib;
			name = English;
			path = English.lproj/Preferences.nib;
			refType = 4;
			sourceTree = "<group>";
		};
		F5D8D308030C568001A80164 = {
			fileEncoding = 30;
			isa = PBXFileReference;
			lastKnownFileType = sourcecode.applescript;
			path = getiTunesStatus.applescript;
			refType = 4;
			sourceTree = "<group>";
		};
	};
	rootObject = 29B97313FDCFA39411CA2CEA;
}
