// !$*UTF8*$!
{
	archiveVersion = 1;
	classes = {
	};
	objectVersion = 39;
	objects = {
		080E96DDFE201D6D7F000001 = {
			children = (
				F575CE9702FE0E8801A80164,
				F575CEAA02FF7F3501A80164,
				EB506A5B03FBF354005DC01B,
				EB50662D03FBB239005DC01B,
				EB3E2C0204360335005DC01B,
				EB607519042A747B005DC01B,
				D312EB560735548F00A2CFD5,
				D312EDA007359DE000A2CFD5,
				D312EE000735A78D00A2CFD5,
				D3B61DF30744151D00AF5A33,
				D3CB1314077509D3009236FF,
			);
			isa = PBXGroup;
			name = Classes;
			refType = 4;
			sourceTree = "<group>";
		};
		089C165CFE840E0CC02AAC07 = {
			children = (
				089C165DFE840E0CC02AAC07,
			);
			isa = PBXVariantGroup;
			name = InfoPlist.strings;
			refType = 4;
			sourceTree = "<group>";
		};
		089C165DFE840E0CC02AAC07 = {
			fileEncoding = 10;
			isa = PBXFileReference;
			lastKnownFileType = text.plist.strings;
			name = English;
			path = English.lproj/InfoPlist.strings;
			refType = 4;
			sourceTree = "<group>";
		};
//080
//081
//082
//083
//084
//100
//101
//102
//103
//104
		1058C7A0FEA54F0111CA2CBB = {
			children = (
				D3D4746007740A760076AA7D,
				D3D4741F077407F50076AA7D,
				EB5069B303FBC574005DC01B,
				EB5069B403FBC574005DC01B,
				EB5069A903FBC43A005DC01B,
				1058C7A1FEA54F0111CA2CBB,
			);
			isa = PBXGroup;
			name = "Linked Frameworks";
			refType = 4;
			sourceTree = "<group>";
		};
		1058C7A1FEA54F0111CA2CBB = {
			isa = PBXFileReference;
			lastKnownFileType = wrapper.framework;
			name = Cocoa.framework;
			path = /System/Library/Frameworks/Cocoa.framework;
			refType = 0;
			sourceTree = "<absolute>";
		};
		1058C7A2FEA54F0111CA2CBB = {
			children = (
				29B97325FDCFA39411CA2CEA,
				29B97324FDCFA39411CA2CEA,
			);
			isa = PBXGroup;
			name = "Other Frameworks";
			refType = 4;
			sourceTree = "<group>";
		};
//100
//101
//102
//103
//104
//190
//191
//192
//193
//194
		19C28FACFE9D520D11CA2CBB = {
			children = (
				EB5065F703FB7A51005DC01B,
			);
			isa = PBXGroup;
			name = Products;
			refType = 4;
			sourceTree = "<group>";
		};
//190
//191
//192
//193
//194
//290
//291
//292
//293
//294
		29B97313FDCFA39411CA2CEA = {
			buildSettings = {
			};
			buildStyles = (
				4A9504CCFFE6A4B311CA0CBA,
				4A9504CDFFE6A4B311CA0CBA,
			);
			hasScannedForEncodings = 1;
			isa = PBXProject;
			mainGroup = 29B97314FDCFA39411CA2CEA;
			projectDirPath = "";
			targets = (
				EB5065F603FB7A51005DC01B,
			);
		};
		29B97314FDCFA39411CA2CEA = {
			children = (
				EB45285C040A8D11005DC01B,
				EB24D529040AECC8005DC01B,
				EB16394A04080C51005DC01B,
				EB1639550408132E005DC01B,
				080E96DDFE201D6D7F000001,
				EB50663103FBB296005DC01B,
				29B97315FDCFA39411CA2CEA,
				29B97317FDCFA39411CA2CEA,
				29B97323FDCFA39411CA2CEA,
				19C28FACFE9D520D11CA2CBB,
			);
			isa = PBXGroup;
			name = "Recent Tunes";
			path = "";
			refType = 4;
			sourceTree = "<group>";
		};
		29B97315FDCFA39411CA2CEA = {
			children = (
				EBDF4CE6040094E5005DC01B,
				29B97316FDCFA39411CA2CEA,
			);
			isa = PBXGroup;
			name = "Other Sources";
			path = "";
			refType = 4;
			sourceTree = "<group>";
		};
		29B97316FDCFA39411CA2CEA = {
			fileEncoding = 30;
			isa = PBXFileReference;
			lastKnownFileType = sourcecode.c.objc;
			path = main.m;
			refType = 4;
			sourceTree = "<group>";
		};
		29B97317FDCFA39411CA2CEA = {
			children = (
				EBDF4CE804009EA7005DC01B,
				EBBB2F1E03F7C3F2005DC01B,
				29B97318FDCFA39411CA2CEA,
				D3CB13A1077514A7009236FF,
				D3CB130E07750960009236FF,
				F5D8D308030C568001A80164,
				D3EC0A740729CFA600C13782,
				D3CB14FC07755151009236FF,
				089C165CFE840E0CC02AAC07,
				DC00A46205B21B9200674DB4,
			);
			isa = PBXGroup;
			name = Resources;
			path = "";
			refType = 4;
			sourceTree = "<group>";
		};
		29B97318FDCFA39411CA2CEA = {
			children = (
				29B97319FDCFA39411CA2CEA,
			);
			isa = PBXVariantGroup;
			name = MainMenu.nib;
			path = "";
			refType = 4;
			sourceTree = "<group>";
		};
		29B97319FDCFA39411CA2CEA = {
			isa = PBXFileReference;
			lastKnownFileType = wrapper.nib;
			name = English;
			path = English.lproj/MainMenu.nib;
			refType = 4;
			sourceTree = "<group>";
		};
		29B97323FDCFA39411CA2CEA = {
			children = (
				1058C7A0FEA54F0111CA2CBB,
				1058C7A2FEA54F0111CA2CBB,
			);
			isa = PBXGroup;
			name = Frameworks;
			path = "";
			refType = 4;
			sourceTree = "<group>";
		};
		29B97324FDCFA39411CA2CEA = {
			isa = PBXFileReference;
			lastKnownFileType = wrapper.framework;
			name = AppKit.framework;
			path = /System/Library/Frameworks/AppKit.framework;
			refType = 0;
			sourceTree = "<absolute>";
		};
		29B97325FDCFA39411CA2CEA = {
			isa = PBXFileReference;
			lastKnownFileType = wrapper.framework;
			name = Foundation.framework;
			path = /System/Library/Frameworks/Foundation.framework;
			refType = 0;
			sourceTree = "<absolute>";
		};
//290
//291
//292
//293
//294
//4A0
//4A1
//4A2
//4A3
//4A4
		4A9504CCFFE6A4B311CA0CBA = {
			buildSettings = {
				COPY_PHASE_STRIP = NO;
				GCC_DYNAMIC_NO_PIC = YES;
				GCC_ENABLE_FIX_AND_CONTINUE = YES;
				GCC_GENERATE_DEBUGGING_SYMBOLS = YES;
				GCC_OPTIMIZATION_LEVEL = 0;
				OPTIMIZATION_CFLAGS = "-O0";
				ZERO_LINK = NO;
			};
			isa = PBXBuildStyle;
			name = Development;
		};
		4A9504CDFFE6A4B311CA0CBA = {
			buildSettings = {
				COPY_PHASE_STRIP = YES;
				GCC_ENABLE_FIX_AND_CONTINUE = NO;
				ZERO_LINK = NO;
			};
			isa = PBXBuildStyle;
			name = Deployment;
		};
//4A0
//4A1
//4A2
//4A3
//4A4
//D30
//D31
//D32
//D33
//D34
		D312EB550735548F00A2CFD5 = {
			fileEncoding = 30;
			isa = PBXFileReference;
			lastKnownFileType = sourcecode.c.h;
			path = QueueManager.h;
			refType = 4;
			sourceTree = "<group>";
		};
		D312EB560735548F00A2CFD5 = {
			fileEncoding = 30;
			isa = PBXFileReference;
			lastKnownFileType = sourcecode.c.objc;
			path = QueueManager.m;
			refType = 4;
			sourceTree = "<group>";
		};
		D312EB570735548F00A2CFD5 = {
			fileRef = D312EB550735548F00A2CFD5;
			isa = PBXBuildFile;
			settings = {
			};
		};
		D312EB580735548F00A2CFD5 = {
			fileRef = D312EB560735548F00A2CFD5;
			isa = PBXBuildFile;
			settings = {
			};
		};
		D312ED9F07359DE000A2CFD5 = {
			fileEncoding = 4;
			isa = PBXFileReference;
			lastKnownFileType = sourcecode.c.h;
			path = ProtocolManager.h;
			refType = 4;
			sourceTree = "<group>";
		};
		D312EDA007359DE000A2CFD5 = {
			fileEncoding = 4;
			isa = PBXFileReference;
			lastKnownFileType = sourcecode.c.objc;
			path = ProtocolManager.m;
			refType = 4;
			sourceTree = "<group>";
		};
		D312EDA107359DE000A2CFD5 = {
			fileRef = D312ED9F07359DE000A2CFD5;
			isa = PBXBuildFile;
			settings = {
			};
		};
		D312EDA207359DE000A2CFD5 = {
			fileRef = D312EDA007359DE000A2CFD5;
			isa = PBXBuildFile;
			settings = {
			};
		};
		D312EDA307359E0A00A2CFD5 = {
			fileEncoding = 4;
			isa = PBXFileReference;
			lastKnownFileType = sourcecode.c.h;
			path = "ProtocolManager+Subclassers.h";
			refType = 4;
			sourceTree = "<group>";
		};
		D312EDA407359E0A00A2CFD5 = {
			fileRef = D312EDA307359E0A00A2CFD5;
			isa = PBXBuildFile;
			settings = {
			};
		};
		D312EDFF0735A78D00A2CFD5 = {
			fileEncoding = 4;
			isa = PBXFileReference;
			lastKnownFileType = sourcecode.c.h;
			path = ProtocolManager_v11.h;
			refType = 4;
			sourceTree = "<group>";
		};
		D312EE000735A78D00A2CFD5 = {
			fileEncoding = 4;
			isa = PBXFileReference;
			lastKnownFileType = sourcecode.c.objc;
			path = ProtocolManager_v11.m;
			refType = 4;
			sourceTree = "<group>";
		};
		D312EE010735A78D00A2CFD5 = {
			fileRef = D312EDFF0735A78D00A2CFD5;
			isa = PBXBuildFile;
			settings = {
			};
		};
		D312EE020735A78D00A2CFD5 = {
			fileRef = D312EE000735A78D00A2CFD5;
			isa = PBXBuildFile;
			settings = {
			};
		};
		D3B61DF20744151D00AF5A33 = {
			fileEncoding = 4;
			isa = PBXFileReference;
			lastKnownFileType = sourcecode.c.h;
			path = ScrobLog.h;
			refType = 4;
			sourceTree = "<group>";
		};
		D3B61DF30744151D00AF5A33 = {
			fileEncoding = 4;
			isa = PBXFileReference;
			lastKnownFileType = sourcecode.c.objc;
			path = ScrobLog.m;
			refType = 4;
			sourceTree = "<group>";
		};
		D3B61DF40744151D00AF5A33 = {
			fileRef = D3B61DF20744151D00AF5A33;
			isa = PBXBuildFile;
			settings = {
			};
		};
		D3B61DF50744151D00AF5A33 = {
			fileRef = D3B61DF30744151D00AF5A33;
			isa = PBXBuildFile;
			settings = {
			};
		};
		D3CB130E07750960009236FF = {
			children = (
				D3CB130F07750960009236FF,
			);
			isa = PBXVariantGroup;
			name = StatisticsController.nib;
			path = "";
			refType = 4;
			sourceTree = "<group>";
		};
		D3CB130F07750960009236FF = {
			isa = PBXFileReference;
			lastKnownFileType = wrapper.nib;
			name = English;
			path = English.lproj/StatisticsController.nib;
			refType = 4;
			sourceTree = "<group>";
		};
		D3CB131007750960009236FF = {
			fileRef = D3CB130E07750960009236FF;
			isa = PBXBuildFile;
			settings = {
			};
		};
		D3CB1313077509D3009236FF = {
			fileEncoding = 30;
			isa = PBXFileReference;
			lastKnownFileType = sourcecode.c.h;
			path = StatisticsController.h;
			refType = 4;
			sourceTree = "<group>";
		};
		D3CB1314077509D3009236FF = {
			fileEncoding = 30;
			isa = PBXFileReference;
			lastKnownFileType = sourcecode.c.objc;
			path = StatisticsController.m;
			refType = 4;
			sourceTree = "<group>";
		};
		D3CB1315077509D3009236FF = {
			fileRef = D3CB1313077509D3009236FF;
			isa = PBXBuildFile;
			settings = {
			};
		};
		D3CB1316077509D3009236FF = {
			fileRef = D3CB1314077509D3009236FF;
			isa = PBXBuildFile;
			settings = {
			};
		};
		D3CB13A1077514A7009236FF = {
			children = (
				F575CEAE02FF7FB901A80164,
			);
			isa = PBXVariantGroup;
			name = Preferences.nib;
			refType = 4;
			sourceTree = "<group>";
		};
		D3CB13A2077514A7009236FF = {
			fileRef = D3CB13A1077514A7009236FF;
			isa = PBXBuildFile;
			settings = {
			};
		};
		D3CB13B3077514CC009236FF = {
			fileRef = D3CB130E07750960009236FF;
			isa = PBXBuildFile;
			settings = {
			};
		};
		D3CB14FC07755151009236FF = {
			fileEncoding = 30;
			isa = PBXFileReference;
			lastKnownFileType = sourcecode.applescript;
			path = iTunesGetPlaylists.applescript;
			refType = 4;
			sourceTree = "<group>";
		};
		D3CB150007755179009236FF = {
			fileRef = D3CB14FC07755151009236FF;
			isa = PBXBuildFile;
			settings = {
				ATTRIBUTES = (
					Debug,
				);
			};
		};
		D3D4741F077407F50076AA7D = {
			isa = PBXFileReference;
			lastKnownFileType = wrapper.framework;
			name = SystemConfiguration.framework;
			path = /System/Library/Frameworks/SystemConfiguration.framework;
			refType = 0;
			sourceTree = "<absolute>";
		};
		D3D47420077407F50076AA7D = {
			fileRef = D3D4741F077407F50076AA7D;
			isa = PBXBuildFile;
			settings = {
			};
		};
		D3D4746007740A760076AA7D = {
			isa = PBXFileReference;
			lastKnownFileType = "compiled.mach-o.dylib";
			name = libcrypto.0.9.7.dylib;
			path = /usr/lib/libcrypto.0.9.7.dylib;
			refType = 0;
			sourceTree = "<absolute>";
		};
		D3D4746107740A760076AA7D = {
			fileRef = D3D4746007740A760076AA7D;
			isa = PBXBuildFile;
			settings = {
			};
		};
		D3EC0A740729CFA600C13782 = {
			fileEncoding = 30;
			isa = PBXFileReference;
			lastKnownFileType = sourcecode.applescript;
			path = iPodUpdate.applescript;
			refType = 4;
			sourceTree = "<group>";
		};
		D3EC0A760729CFB600C13782 = {
			fileRef = D3EC0A740729CFA600C13782;
			isa = PBXBuildFile;
			settings = {
			};
		};
//D30
//D31
//D32
//D33
//D34
//DC0
//DC1
//DC2
//DC3
//DC4
		DC00A46205B21B9200674DB4 = {
			isa = PBXFileReference;
			lastKnownFileType = image.icns;
			path = iscrobbler.icns;
			refType = 4;
			sourceTree = "<group>";
		};
		DC00A47B05B21BD100674DB4 = {
			fileRef = DC00A46205B21B9200674DB4;
			isa = PBXBuildFile;
			settings = {
			};
		};
//DC0
//DC1
//DC2
//DC3
//DC4
//EB0
//EB1
//EB2
//EB3
//EB4
		EB16389E0406E7A6005DC01B = {
			buildActionMask = 2147483647;
			contextName = "";
			files = (
				D3CB150007755179009236FF,
				EB16389F0406E7C7005DC01B,
			);
			isSharedContext = 0;
			isa = PBXAppleScriptBuildPhase;
			runOnlyForDeploymentPostprocessing = 0;
		};
		EB16389F0406E7C7005DC01B = {
			fileRef = F5D8D308030C568001A80164;
			isa = PBXBuildFile;
			settings = {
				ATTRIBUTES = (
					Debug,
				);
			};
		};
		EB1639430407FD4A005DC01B = {
			buildActionMask = 2147483647;
			dstPath = "";
			dstSubfolderSpec = 10;
			files = (
				D3CB131007750960009236FF,
			);
			isa = PBXCopyFilesBuildPhase;
			runOnlyForDeploymentPostprocessing = 0;
		};
		EB16394A04080C51005DC01B = {
			fileEncoding = 4;
			isa = PBXFileReference;
			lastKnownFileType = text;
			path = README;
			refType = 4;
			sourceTree = "<group>";
		};
		EB1639550408132E005DC01B = {
			fileEncoding = 30;
			isa = PBXFileReference;
			lastKnownFileType = text;
			path = INSTALL;
			refType = 4;
			sourceTree = "<group>";
		};
		EB24D529040AECC8005DC01B = {
			fileEncoding = 4;
			isa = PBXFileReference;
			lastKnownFileType = text;
			path = CHANGE_LOG;
			refType = 4;
			sourceTree = "<group>";
		};
		EB3E2C0104360335005DC01B = {
			fileEncoding = 30;
			isa = PBXFileReference;
			lastKnownFileType = sourcecode.c.h;
			path = SongTableView.h;
			refType = 4;
			sourceTree = "<group>";
		};
		EB3E2C0204360335005DC01B = {
			fileEncoding = 30;
			isa = PBXFileReference;
			lastKnownFileType = sourcecode.c.objc;
			path = SongTableView.m;
			refType = 4;
			sourceTree = "<group>";
		};
		EB3E2C0304360335005DC01B = {
			fileRef = EB3E2C0104360335005DC01B;
			isa = PBXBuildFile;
			settings = {
			};
		};
		EB3E2C0404360335005DC01B = {
			fileRef = EB3E2C0204360335005DC01B;
			isa = PBXBuildFile;
			settings = {
			};
		};
		EB45285C040A8D11005DC01B = {
			fileEncoding = 4;
			isa = PBXFileReference;
			lastKnownFileType = text;
			path = KNOWN_ISSUES;
			refType = 4;
			sourceTree = "<group>";
		};
		EB5065F103FB7A51005DC01B = {
			buildActionMask = 2147483647;
			files = (
				EB50663003FBB284005DC01B,
				EB5065F903FB7F83005DC01B,
				EB5065FB03FB7F86005DC01B,
				EB506A5C03FBF354005DC01B,
				EBDF4CE7040094E5005DC01B,
				EB60751A042A747B005DC01B,
				EB3E2C0304360335005DC01B,
				EB774698043C96FB005DC01B,
				EB7746A2043C9839005DC01B,
				D312EB570735548F00A2CFD5,
				D312EDA107359DE000A2CFD5,
				D312EDA407359E0A00A2CFD5,
				D312EE010735A78D00A2CFD5,
				D3B61DF40744151D00AF5A33,
				D3CB1315077509D3009236FF,
			);
			isa = PBXHeadersBuildPhase;
			runOnlyForDeploymentPostprocessing = 0;
		};
		EB5065F203FB7A51005DC01B = {
			buildActionMask = 2147483647;
			files = (
				EB5065FE03FB7FD7005DC01B,
				EB5065FF03FB7FD8005DC01B,
				D3CB13B3077514CC009236FF,
				DC00A47B05B21BD100674DB4,
				D3CB13A2077514A7009236FF,
				EB50660303FB7FDF005DC01B,
				EBDF4CE904009EA7005DC01B,
				D3EC0A760729CFB600C13782,
			);
			isa = PBXResourcesBuildPhase;
			runOnlyForDeploymentPostprocessing = 0;
		};
		EB5065F303FB7A51005DC01B = {
			buildActionMask = 2147483647;
			files = (
				EB50662E03FBB239005DC01B,
				EB5065FA03FB7F84005DC01B,
				EB5065FC03FB7F87005DC01B,
				EB5065FD03FB7FD5005DC01B,
				EB506A5D03FBF354005DC01B,
				EB60751B042A747B005DC01B,
				EB3E2C0404360335005DC01B,
				D312EB580735548F00A2CFD5,
				D312EDA207359DE000A2CFD5,
				D312EE020735A78D00A2CFD5,
				D3B61DF50744151D00AF5A33,
				D3CB1316077509D3009236FF,
			);
			isa = PBXSourcesBuildPhase;
			runOnlyForDeploymentPostprocessing = 0;
		};
		EB5065F403FB7A51005DC01B = {
			buildActionMask = 2147483647;
			files = (
				EB50660503FB7FE2005DC01B,
				EB5069AA03FBC43A005DC01B,
				EB5069B503FBC574005DC01B,
				EB5069B603FBC574005DC01B,
				D3D47420077407F50076AA7D,
				D3D4746107740A760076AA7D,
			);
			isa = PBXFrameworksBuildPhase;
			runOnlyForDeploymentPostprocessing = 0;
		};
		EB5065F503FB7A51005DC01B = {
			buildActionMask = 2147483647;
			files = (
			);
			isa = PBXRezBuildPhase;
			runOnlyForDeploymentPostprocessing = 0;
		};
		EB5065F603FB7A51005DC01B = {
			buildPhases = (
				EB1639430407FD4A005DC01B,
				EB16389E0406E7A6005DC01B,
				EB5065F103FB7A51005DC01B,
				EB5065F203FB7A51005DC01B,
				EB5065F303FB7A51005DC01B,
				EB5065F403FB7A51005DC01B,
				EB5065F503FB7A51005DC01B,
			);
			buildSettings = {
				FRAMEWORK_SEARCH_PATHS = "";
				HEADER_SEARCH_PATHS = "";
				INSTALL_PATH = "$(HOME)/Applications";
				LIBRARY_SEARCH_FLAGS = "";
				OTHER_CFLAGS = "";
				PRODUCT_NAME = iScrobbler;
				SECTORDER_FLAGS = "";
				WARNING_CFLAGS = "-Wmost -Wno-four-char-constants -Wno-unknown-pragmas";
				WRAPPER_EXTENSION = app;
			};
			dependencies = (
			);
			isa = PBXApplicationTarget;
			name = iScrobbler;
			productInstallPath = "$(HOME)/Applications";
			productName = iScrobbler;
			productReference = EB5065F703FB7A51005DC01B;
			productSettingsXML = "<?xml version=\"1.0\" encoding=\"UTF-8\"?>
<!DOCTYPE plist PUBLIC \"-//Apple Computer//DTD PLIST 1.0//EN\" \"http://www.apple.com/DTDs/PropertyList-1.0.dtd\">
<plist version=\"1.0\">
<dict>
	<key>CFBundleDevelopmentRegion</key>
	<string>English</string>
	<key>CFBundleExecutable</key>
	<string>iScrobbler</string>
	<key>CFBundleGetInfoString</key>
	<string>0.8.0</string>
	<key>CFBundleIconFile</key>
	<string>iscrobbler</string>
	<key>CFBundleIdentifier</key>
	<string>org.flexistentialist.iscrobbler</string>
	<key>CFBundleInfoDictionaryVersion</key>
	<string>6.0</string>
	<key>CFBundleName</key>
	<string>iScrobbler</string>
	<key>CFBundlePackageType</key>
	<string>APPL</string>
	<key>CFBundleShortVersionString</key>
	<string></string>
	<key>CFBundleSignature</key>
	<string>????</string>
	<key>CFBundleVersion</key>
	<string>0.8.0</string>
	<key>LSMinimumSystemVersion</key>
	<string>10.3.0</string>
	<key>LSUIElement</key>
	<string>1</string>
	<key>NSMainNibFile</key>
	<string>MainMenu</string>
	<key>NSPrincipalClass</key>
	<string>NSApplication</string>
</dict>
</plist>
";
		};
		EB5065F703FB7A51005DC01B = {
			explicitFileType = wrapper.application;
			isa = PBXFileReference;
			path = iScrobbler.app;
			refType = 3;
			sourceTree = BUILT_PRODUCTS_DIR;
		};
		EB5065F903FB7F83005DC01B = {
			fileRef = F575CE9802FE0E8801A80164;
			isa = PBXBuildFile;
			settings = {
				ATTRIBUTES = (
				);
			};
		};
		EB5065FA03FB7F84005DC01B = {
			fileRef = F575CE9702FE0E8801A80164;
			isa = PBXBuildFile;
			settings = {
			};
		};
		EB5065FB03FB7F86005DC01B = {
			fileRef = F575CEAB02FF7F3501A80164;
			isa = PBXBuildFile;
			settings = {
				ATTRIBUTES = (
				);
			};
		};
		EB5065FC03FB7F87005DC01B = {
			fileRef = F575CEAA02FF7F3501A80164;
			isa = PBXBuildFile;
			settings = {
			};
		};
		EB5065FD03FB7FD5005DC01B = {
			fileRef = 29B97316FDCFA39411CA2CEA;
			isa = PBXBuildFile;
			settings = {
			};
		};
		EB5065FE03FB7FD7005DC01B = {
			fileRef = EBBB2F1E03F7C3F2005DC01B;
			isa = PBXBuildFile;
			settings = {
			};
		};
		EB5065FF03FB7FD8005DC01B = {
			fileRef = 29B97318FDCFA39411CA2CEA;
			isa = PBXBuildFile;
			settings = {
			};
		};
		EB50660303FB7FDF005DC01B = {
			fileRef = 089C165CFE840E0CC02AAC07;
			isa = PBXBuildFile;
			settings = {
			};
		};
		EB50660503FB7FE2005DC01B = {
			fileRef = 1058C7A1FEA54F0111CA2CBB;
			isa = PBXBuildFile;
			settings = {
			};
		};
		EB50662D03FBB239005DC01B = {
			fileEncoding = 4;
			isa = PBXFileReference;
			lastKnownFileType = sourcecode.c.objc;
			path = keychain.m;
			refType = 4;
			sourceTree = "<group>";
		};
		EB50662E03FBB239005DC01B = {
			fileRef = EB50662D03FBB239005DC01B;
			isa = PBXBuildFile;
			settings = {
			};
		};
		EB50662F03FBB284005DC01B = {
			fileEncoding = 4;
			isa = PBXFileReference;
			lastKnownFileType = sourcecode.c.h;
			path = keychain.h;
			refType = 4;
			sourceTree = "<group>";
		};
		EB50663003FBB284005DC01B = {
			fileRef = EB50662F03FBB284005DC01B;
			isa = PBXBuildFile;
			settings = {
				ATTRIBUTES = (
				);
			};
		};
		EB50663103FBB296005DC01B = {
			children = (
				F575CE9802FE0E8801A80164,
				F575CEAB02FF7F3501A80164,
				EB506A5A03FBF354005DC01B,
				EB774696043C96FB005DC01B,
				EB7746A0043C9839005DC01B,
				EB50662F03FBB284005DC01B,
				EB3E2C0104360335005DC01B,
				EB607518042A747B005DC01B,
				D312EB550735548F00A2CFD5,
				D312ED9F07359DE000A2CFD5,
				D312EDA307359E0A00A2CFD5,
				D312EDFF0735A78D00A2CFD5,
				D3B61DF20744151D00AF5A33,
				D3CB1313077509D3009236FF,
			);
			isa = PBXGroup;
			name = Headers;
			path = "";
			refType = 4;
			sourceTree = "<group>";
		};
		EB5069A903FBC43A005DC01B = {
			isa = PBXFileReference;
			lastKnownFileType = wrapper.framework;
			name = Security.framework;
			path = /System/Library/Frameworks/Security.framework;
			refType = 0;
			sourceTree = "<absolute>";
		};
		EB5069AA03FBC43A005DC01B = {
			fileRef = EB5069A903FBC43A005DC01B;
			isa = PBXBuildFile;
			settings = {
			};
		};
		EB5069B303FBC574005DC01B = {
			isa = PBXFileReference;
			lastKnownFileType = wrapper.framework;
			name = Carbon.framework;
			path = /System/Library/Frameworks/Carbon.framework;
			refType = 0;
			sourceTree = "<absolute>";
		};
		EB5069B403FBC574005DC01B = {
			isa = PBXFileReference;
			lastKnownFileType = wrapper.framework;
			name = CoreFoundation.framework;
			path = /System/Library/Frameworks/CoreFoundation.framework;
			refType = 0;
			sourceTree = "<absolute>";
		};
		EB5069B503FBC574005DC01B = {
			fileRef = EB5069B303FBC574005DC01B;
			isa = PBXBuildFile;
			settings = {
			};
		};
		EB5069B603FBC574005DC01B = {
			fileRef = EB5069B403FBC574005DC01B;
			isa = PBXBuildFile;
			settings = {
			};
		};
		EB506A5A03FBF354005DC01B = {
			fileEncoding = 4;
			isa = PBXFileReference;
			lastKnownFileType = sourcecode.c.h;
			path = "NSString+parse.h";
			refType = 4;
			sourceTree = "<group>";
		};
		EB506A5B03FBF354005DC01B = {
			fileEncoding = 4;
			isa = PBXFileReference;
			lastKnownFileType = sourcecode.c.objc;
			path = "NSString+parse.m";
			refType = 4;
			sourceTree = "<group>";
		};
		EB506A5C03FBF354005DC01B = {
			fileRef = EB506A5A03FBF354005DC01B;
			isa = PBXBuildFile;
			settings = {
			};
		};
		EB506A5D03FBF354005DC01B = {
			fileRef = EB506A5B03FBF354005DC01B;
			isa = PBXBuildFile;
			settings = {
			};
		};
		EB607518042A747B005DC01B = {
			fileEncoding = 4;
			isa = PBXFileReference;
			lastKnownFileType = sourcecode.c.h;
			lineEnding = 2;
			path = SongData.h;
			refType = 4;
			sourceTree = "<group>";
		};
		EB607519042A747B005DC01B = {
			fileEncoding = 4;
			isa = PBXFileReference;
			lastKnownFileType = sourcecode.c.objc;
			lineEnding = 0;
			path = SongData.m;
			refType = 4;
			sourceTree = "<group>";
		};
		EB60751A042A747B005DC01B = {
			fileRef = EB607518042A747B005DC01B;
			isa = PBXBuildFile;
			settings = {
			};
		};
		EB60751B042A747B005DC01B = {
			fileRef = EB607519042A747B005DC01B;
			isa = PBXBuildFile;
			settings = {
			};
		};
		EB774696043C96FB005DC01B = {
			fileEncoding = 4;
			isa = PBXFileReference;
			lastKnownFileType = sourcecode.c.h;
			path = "CURLHandle+SpecialEncoding.h";
			refType = 4;
			sourceTree = "<group>";
		};
		EB774698043C96FB005DC01B = {
			fileRef = EB774696043C96FB005DC01B;
			isa = PBXBuildFile;
			settings = {
			};
		};
		EB7746A0043C9839005DC01B = {
			fileEncoding = 4;
			isa = PBXFileReference;
			lastKnownFileType = sourcecode.c.h;
			path = "NSDictionary+httpEncoding.h";
			refType = 4;
			sourceTree = "<group>";
		};
		EB7746A2043C9839005DC01B = {
			fileRef = EB7746A0043C9839005DC01B;
			isa = PBXBuildFile;
			settings = {
			};
		};
		EBBB2F1E03F7C3F2005DC01B = {
			fileEncoding = 4;
			isa = PBXFileReference;
			lastKnownFileType = text.xml;
			lineEnding = 0;
			path = defaults.plist;
			refType = 4;
			sourceTree = "<group>";
		};
		EBDF4CE6040094E5005DC01B = {
			fileEncoding = 4;
			isa = PBXFileReference;
			lastKnownFileType = sourcecode.c.h;
			path = PreferenceControllerStrings.h;
			refType = 4;
			sourceTree = "<group>";
		};
		EBDF4CE7040094E5005DC01B = {
			fileRef = EBDF4CE6040094E5005DC01B;
			isa = PBXBuildFile;
			settings = {
			};
		};
		EBDF4CE804009EA7005DC01B = {
			fileEncoding = 30;
			isa = PBXFileReference;
			lastKnownFileType = text.plist.strings;
			path = Localizable.strings;
			refType = 4;
			sourceTree = "<group>";
		};
		EBDF4CE904009EA7005DC01B = {
			fileRef = EBDF4CE804009EA7005DC01B;
			isa = PBXBuildFile;
			settings = {
			};
		};
//EB0
//EB1
//EB2
//EB3
//EB4
//F50
//F51
//F52
//F53
//F54
		F575CE9702FE0E8801A80164 = {
			fileEncoding = 30;
			isa = PBXFileReference;
			lastKnownFileType = sourcecode.c.objc;
			lineEnding = 0;
			path = iScrobblerController.m;
			refType = 4;
			sourceTree = "<group>";
		};
		F575CE9802FE0E8801A80164 = {
			fileEncoding = 30;
			isa = PBXFileReference;
			lastKnownFileType = sourcecode.c.h;
			lineEnding = 0;
			path = iScrobblerController.h;
			refType = 4;
			sourceTree = "<group>";
		};
		F575CEAA02FF7F3501A80164 = {
			fileEncoding = 30;
			isa = PBXFileReference;
			lastKnownFileType = sourcecode.c.objc;
			lineEnding = 0;
			path = PreferenceController.m;
			refType = 4;
			sourceTree = "<group>";
		};
		F575CEAB02FF7F3501A80164 = {
			fileEncoding = 30;
			isa = PBXFileReference;
			lastKnownFileType = sourcecode.c.h;
			path = PreferenceController.h;
			refType = 4;
			sourceTree = "<group>";
		};
		F575CEAE02FF7FB901A80164 = {
			isa = PBXFileReference;
			lastKnownFileType = wrapper.nib;
			name = English;
			path = English.lproj/Preferences.nib;
			refType = 4;
			sourceTree = "<group>";
		};
		F5D8D308030C568001A80164 = {
			fileEncoding = 30;
			isa = PBXFileReference;
			lastKnownFileType = sourcecode.applescript;
			path = controlscript.applescript;
			refType = 4;
			sourceTree = "<group>";
		};
	};
	rootObject = 29B97313FDCFA39411CA2CEA;
}
