// !$*UTF8*$!
{
	archiveVersion = 1;
	classes = {
	};
	objectVersion = 44;
	objects = {

/* Begin PBXAppleScriptBuildPhase section */
		D3191C9807E3A51700821D03 /* AppleScript */ = {
			isa = PBXAppleScriptBuildPhase;
			buildActionMask = 2147483647;
			contextName = "";
			files = (
				D3B19F470B517381008F54BF /* iTunesGetCurrentTrackInfo.applescript in AppleScript */,
				D3B19F480B517381008F54BF /* iTunesGetPlaylists.applescript in AppleScript */,
				D3B19F490B517381008F54BF /* iTunesGetArtworkForTrack.applescript in AppleScript */,
				D3B19F4A0B517381008F54BF /* iTunesPlaySpecifiedTrack.applescript in AppleScript */,
				D3B19F610B5174CF008F54BF /* iPodUpdate.applescript in AppleScript */,
				D3C3FD620C9EA0E2001AEFEA /* iTunesPlayURL.applescript in AppleScript */,
				D3C309980CA3D317001AEFEA /* iTunesStop.applescript in AppleScript */,
			);
			isSharedContext = 0;
			runOnlyForDeploymentPostprocessing = 0;
		};
/* End PBXAppleScriptBuildPhase section */

/* Begin PBXBuildFile section */
		D306F89109EC34F80011CEE1 /* no_artist.tiff in Resources */ = {isa = PBXBuildFile; fileRef = D306F89009EC34F80011CEE1 /* no_artist.tiff */; };
		D306FC7A09EF550C0011CEE1 /* no_album.tiff in Resources */ = {isa = PBXBuildFile; fileRef = D306FC7909EF550C0011CEE1 /* no_album.tiff */; };
		D30BBF9D0CCF5EE0005DCFA2 /* IOKit.framework in Frameworks */ = {isa = PBXBuildFile; fileRef = D30BBF9C0CCF5EE0005DCFA2 /* IOKit.framework */; };
		D30BC00A0CCF650C005DCFA2 /* ASXMLFile.m in Sources */ = {isa = PBXBuildFile; fileRef = D3C3044A0CA291E2001AEFEA /* ASXMLFile.m */; };
		D31791320A6A9B5D00B0F081 /* BBNetUpdateAskController.m in Sources */ = {isa = PBXBuildFile; fileRef = D31791170A6A9B5C00B0F081 /* BBNetUpdateAskController.m */; };
		D31791340A6A9B5D00B0F081 /* BBNetUpdateDownloadController.m in Sources */ = {isa = PBXBuildFile; fileRef = D31791190A6A9B5C00B0F081 /* BBNetUpdateDownloadController.m */; };
		D31791360A6A9B5D00B0F081 /* BBNetUpdateVersionCheckController.m in Sources */ = {isa = PBXBuildFile; fileRef = D317911B0A6A9B5C00B0F081 /* BBNetUpdateVersionCheckController.m */; };
		D31791370A6A9B5D00B0F081 /* BBNetUpdate.strings in Resources */ = {isa = PBXBuildFile; fileRef = D317911C0A6A9B5C00B0F081 /* BBNetUpdate.strings */; };
		D31791380A6A9B5D00B0F081 /* BBNetUpdateAsk.nib in Resources */ = {isa = PBXBuildFile; fileRef = D317911E0A6A9B5C00B0F081 /* BBNetUpdateAsk.nib */; };
		D31791390A6A9B5D00B0F081 /* BBNetUpdateDownload.nib in Resources */ = {isa = PBXBuildFile; fileRef = D31791200A6A9B5C00B0F081 /* BBNetUpdateDownload.nib */; };
		D317913A0A6A9B5D00B0F081 /* BBNetUpdateVersionCheck.nib in Resources */ = {isa = PBXBuildFile; fileRef = D31791220A6A9B5C00B0F081 /* BBNetUpdateVersionCheck.nib */; };
		D317913B0A6A9B5D00B0F081 /* BBNetUpdateConfig.plist in Resources */ = {isa = PBXBuildFile; fileRef = D31791300A6A9B5C00B0F081 /* BBNetUpdateConfig.plist */; };
		D3191CAA07E3A51700821D03 /* defaults.plist in Resources */ = {isa = PBXBuildFile; fileRef = EBBB2F1E03F7C3F2005DC01B /* defaults.plist */; };
		D3191CAB07E3A51700821D03 /* MainMenu.nib in Resources */ = {isa = PBXBuildFile; fileRef = 29B97318FDCFA39411CA2CEA /* MainMenu.nib */; };
		D3191CAC07E3A51700821D03 /* StatisticsController.nib in Resources */ = {isa = PBXBuildFile; fileRef = D3CB130E07750960009236FF /* StatisticsController.nib */; };
		D3191CAD07E3A51700821D03 /* iscrobbler.icns in Resources */ = {isa = PBXBuildFile; fileRef = DC00A46205B21B9200674DB4 /* iscrobbler.icns */; };
		D3191CAE07E3A51700821D03 /* Preferences.nib in Resources */ = {isa = PBXBuildFile; fileRef = D3CB13A1077514A7009236FF /* Preferences.nib */; };
		D3191CAF07E3A51700821D03 /* InfoPlist.strings in Resources */ = {isa = PBXBuildFile; fileRef = 089C165CFE840E0CC02AAC07 /* InfoPlist.strings */; };
		D3191CB207E3A51700821D03 /* TopLists.nib in Resources */ = {isa = PBXBuildFile; fileRef = D3CB38A207A59AE5009236FF /* TopLists.nib */; };
		D3191CB507E3A51700821D03 /* iScrobblerController.m in Sources */ = {isa = PBXBuildFile; fileRef = F575CE9702FE0E8801A80164 /* iScrobblerController.m */; };
		D3191CB607E3A51700821D03 /* PreferenceController.m in Sources */ = {isa = PBXBuildFile; fileRef = F575CEAA02FF7F3501A80164 /* PreferenceController.m */; };
		D3191CB707E3A51700821D03 /* main.m in Sources */ = {isa = PBXBuildFile; fileRef = 29B97316FDCFA39411CA2CEA /* main.m */; };
		D3191CB807E3A51700821D03 /* SongData.m in Sources */ = {isa = PBXBuildFile; fileRef = EB607519042A747B005DC01B /* SongData.m */; };
		D3191CB907E3A51700821D03 /* QueueManager.m in Sources */ = {isa = PBXBuildFile; fileRef = D312EB560735548F00A2CFD5 /* QueueManager.m */; };
		D3191CBA07E3A51700821D03 /* ProtocolManager.m in Sources */ = {isa = PBXBuildFile; fileRef = D312EDA007359DE000A2CFD5 /* ProtocolManager.m */; };
		D3191CBB07E3A51700821D03 /* ProtocolManager_v11.m in Sources */ = {isa = PBXBuildFile; fileRef = D312EE000735A78D00A2CFD5 /* ProtocolManager_v11.m */; };
		D3191CBC07E3A51700821D03 /* ScrobLog.m in Sources */ = {isa = PBXBuildFile; fileRef = D3B61DF30744151D00AF5A33 /* ScrobLog.m */; };
		D3191CBD07E3A51700821D03 /* StatisticsController.m in Sources */ = {isa = PBXBuildFile; fileRef = D3CB1314077509D3009236FF /* StatisticsController.m */; };
		D3191CBE07E3A51700821D03 /* TopListsController.m in Sources */ = {isa = PBXBuildFile; fileRef = D3CB38A607A59AFE009236FF /* TopListsController.m */; };
		D3191CBF07E3A51700821D03 /* ISSearchArrayController.m in Sources */ = {isa = PBXBuildFile; fileRef = D3EFA9B007A9B1FA00CF9B46 /* ISSearchArrayController.m */; };
		D3191CC107E3A51700821D03 /* Cocoa.framework in Frameworks */ = {isa = PBXBuildFile; fileRef = 1058C7A1FEA54F0111CA2CBB /* Cocoa.framework */; };
		D3191CC207E3A51700821D03 /* Security.framework in Frameworks */ = {isa = PBXBuildFile; fileRef = EB5069A903FBC43A005DC01B /* Security.framework */; };
		D3191CC307E3A51700821D03 /* Carbon.framework in Frameworks */ = {isa = PBXBuildFile; fileRef = EB5069B303FBC574005DC01B /* Carbon.framework */; };
		D3191CC407E3A51700821D03 /* CoreFoundation.framework in Frameworks */ = {isa = PBXBuildFile; fileRef = EB5069B403FBC574005DC01B /* CoreFoundation.framework */; };
		D3191CC507E3A51700821D03 /* SystemConfiguration.framework in Frameworks */ = {isa = PBXBuildFile; fileRef = D3D4741F077407F50076AA7D /* SystemConfiguration.framework */; };
		D3191CC607E3A51700821D03 /* libcrypto.dylib in Frameworks */ = {isa = PBXBuildFile; fileRef = D3D4746007740A760076AA7D /* libcrypto.dylib */; };
		D32906A40CDB458400CAAB66 /* Growl.framework in Frameworks */ = {isa = PBXBuildFile; fileRef = D3EC73100804F73B00392110 /* Growl.framework */; };
		D329070B0CDB4E0600CAAB66 /* LoginItemsAE.c in Sources */ = {isa = PBXBuildFile; fileRef = D32907090CDB4E0600CAAB66 /* LoginItemsAE.c */; };
		D34BF2EB0CD2D6BA002BC0DF /* ISiTunesLibrary.m in Sources */ = {isa = PBXBuildFile; fileRef = D34BF2E90CD2D6BA002BC0DF /* ISiTunesLibrary.m */; };
		D37605590CB18BF700C04863 /* ISPluginController.m in Sources */ = {isa = PBXBuildFile; fileRef = D37605560CB18BF700C04863 /* ISPluginController.m */; };
		D376063F0CB230E300C04863 /* ChatStatus.m in Sources */ = {isa = PBXBuildFile; fileRef = D37606340CB2307F00C04863 /* ChatStatus.m */; };
		D37606650CB2363F00C04863 /* ChatStatus.plugin in CopyFiles */ = {isa = PBXBuildFile; fileRef = D376063A0CB230A900C04863 /* ChatStatus.plugin */; };
		D37606790CB236A900C04863 /* Cocoa.framework in Frameworks */ = {isa = PBXBuildFile; fileRef = 1058C7A1FEA54F0111CA2CBB /* Cocoa.framework */; };
		D37606AD0CB236CD00C04863 /* InstantMessage.framework in Frameworks */ = {isa = PBXBuildFile; fileRef = D37606AC0CB236CD00C04863 /* InstantMessage.framework */; };
		D3760CCA0CB4241900C04863 /* Persistence.m in Sources */ = {isa = PBXBuildFile; fileRef = D3760CC90CB4241900C04863 /* Persistence.m */; };
		D37610AD0CB5314900C04863 /* iScrobbler.xcdatamodel in Sources */ = {isa = PBXBuildFile; fileRef = D37610AC0CB5314900C04863 /* iScrobbler.xcdatamodel */; };
		D37622750CBD803500C04863 /* keychain.m in Sources */ = {isa = PBXBuildFile; fileRef = EB50662D03FBB239005DC01B /* keychain.m */; };
		D376EC6C0CA8E21900C04863 /* ISStatusItem.m in Sources */ = {isa = PBXBuildFile; fileRef = D376EC6A0CA8E21900C04863 /* ISStatusItem.m */; };
		D376EE950CA9153E00C04863 /* ISStatusItemView.m in Sources */ = {isa = PBXBuildFile; fileRef = D376EE930CA9153E00C04863 /* ISStatusItemView.m */; };
		D376FC6A0CAD00A000C04863 /* iScrobbler.sdef in Resources */ = {isa = PBXBuildFile; fileRef = D376FC690CAD00A000C04863 /* iScrobbler.sdef */; };
		D38F6CD00B53514400230DBE /* ISRecommendController.m in Sources */ = {isa = PBXBuildFile; fileRef = D38F6CCE0B53514400230DBE /* ISRecommendController.m */; };
		D38F6D730B535AF800230DBE /* Recommend.nib in Resources */ = {isa = PBXBuildFile; fileRef = D38F6D710B535AF800230DBE /* Recommend.nib */; };
		D38F6FB60B541A6300230DBE /* Tag.nib in Resources */ = {isa = PBXBuildFile; fileRef = D38F6FB40B541A6300230DBE /* Tag.nib */; };
		D38F6FBA0B541A9100230DBE /* ISTagController.m in Sources */ = {isa = PBXBuildFile; fileRef = D38F6FB80B541A9000230DBE /* ISTagController.m */; };
		D38F74BB0B56CDEC00230DBE /* LoveBanList.nib in Resources */ = {isa = PBXBuildFile; fileRef = D38F74B90B56CDEC00230DBE /* LoveBanList.nib */; };
		D38F74BF0B56CE2800230DBE /* ISLoveBanListController.m in Sources */ = {isa = PBXBuildFile; fileRef = D38F74BD0B56CE2800230DBE /* ISLoveBanListController.m */; };
		D39A88350BE68D4000F65AF5 /* ProtocolManager_v12.m in Sources */ = {isa = PBXBuildFile; fileRef = D39A88340BE68D4000F65AF5 /* ProtocolManager_v12.m */; };
		D3B19F470B517381008F54BF /* iTunesGetCurrentTrackInfo.applescript in AppleScript */ = {isa = PBXBuildFile; fileRef = D39C15FB0800716200F3816B /* iTunesGetCurrentTrackInfo.applescript */; settings = {ATTRIBUTES = (Debug, ); }; };
		D3B19F480B517381008F54BF /* iTunesGetPlaylists.applescript in AppleScript */ = {isa = PBXBuildFile; fileRef = D3CB14FC07755151009236FF /* iTunesGetPlaylists.applescript */; settings = {ATTRIBUTES = (Debug, ); }; };
		D3B19F490B517381008F54BF /* iTunesGetArtworkForTrack.applescript in AppleScript */ = {isa = PBXBuildFile; fileRef = D3EC7B8108082DED00392110 /* iTunesGetArtworkForTrack.applescript */; settings = {ATTRIBUTES = (Debug, ); }; };
		D3B19F4A0B517381008F54BF /* iTunesPlaySpecifiedTrack.applescript in AppleScript */ = {isa = PBXBuildFile; fileRef = D3EC7B8208082DED00392110 /* iTunesPlaySpecifiedTrack.applescript */; settings = {ATTRIBUTES = (Debug, ); }; };
		D3B19F610B5174CF008F54BF /* iPodUpdate.applescript in AppleScript */ = {isa = PBXBuildFile; fileRef = D3B19F600B5174CF008F54BF /* iPodUpdate.applescript */; settings = {ATTRIBUTES = (Debug, ); }; };
		D3B1A0D00B51A1B2008F54BF /* ASXMLRPC.m in Sources */ = {isa = PBXBuildFile; fileRef = D3B1A0CE0B51A1B2008F54BF /* ASXMLRPC.m */; };
		D3C1126E084565DF000AA2BC /* Localizable.strings in Resources */ = {isa = PBXBuildFile; fileRef = D3C1126C084565DF000AA2BC /* Localizable.strings */; };
		D3C3042D0CA28879001AEFEA /* highlight_blue.tiff in Resources */ = {isa = PBXBuildFile; fileRef = D3C304230CA28879001AEFEA /* highlight_blue.tiff */; };
		D3C3042E0CA28879001AEFEA /* highlight_grey.tiff in Resources */ = {isa = PBXBuildFile; fileRef = D3C304240CA28879001AEFEA /* highlight_grey.tiff */; };
		D3C304300CA28879001AEFEA /* LNSSourceListCell.m in Sources */ = {isa = PBXBuildFile; fileRef = D3C304260CA28879001AEFEA /* LNSSourceListCell.m */; };
		D3C304320CA28879001AEFEA /* LNSSourceListColumn.m in Sources */ = {isa = PBXBuildFile; fileRef = D3C304280CA28879001AEFEA /* LNSSourceListColumn.m */; };
		D3C304340CA28879001AEFEA /* LNSSourceListSourceGroupCell.m in Sources */ = {isa = PBXBuildFile; fileRef = D3C3042A0CA28879001AEFEA /* LNSSourceListSourceGroupCell.m */; };
		D3C304360CA28879001AEFEA /* LNSSourceListView.m in Sources */ = {isa = PBXBuildFile; fileRef = D3C3042C0CA28879001AEFEA /* LNSSourceListView.m */; };
		D3C304400CA288EA001AEFEA /* ISRadioSearchController.m in Sources */ = {isa = PBXBuildFile; fileRef = D3C3043E0CA288EA001AEFEA /* ISRadioSearchController.m */; };
		D3C309980CA3D317001AEFEA /* iTunesStop.applescript in AppleScript */ = {isa = PBXBuildFile; fileRef = D3C309970CA3D317001AEFEA /* iTunesStop.applescript */; settings = {ATTRIBUTES = (Debug, ); }; };
		D3C30BA20CA45BE7001AEFEA /* ISRadioSearch.nib in Resources */ = {isa = PBXBuildFile; fileRef = D3C30BA10CA45BE7001AEFEA /* ISRadioSearch.nib */; };
		D3C3FBA80C9D95A3001AEFEA /* ASWebServices.m in Sources */ = {isa = PBXBuildFile; fileRef = D3C3FBA60C9D95A3001AEFEA /* ASWebServices.m */; };
		D3C3FBB70C9DACA6001AEFEA /* ISRadioController.m in Sources */ = {isa = PBXBuildFile; fileRef = D3C3FBB50C9DACA6001AEFEA /* ISRadioController.m */; };
		D3C3FD620C9EA0E2001AEFEA /* iTunesPlayURL.applescript in AppleScript */ = {isa = PBXBuildFile; fileRef = D3C3FD610C9EA0E2001AEFEA /* iTunesPlayURL.applescript */; settings = {ATTRIBUTES = (Debug, ); }; };
		D3D3945209BBF8D1004E215A /* ISArtistDetailsController.m in Sources */ = {isa = PBXBuildFile; fileRef = D3D3945009BBF8D1004E215A /* ISArtistDetailsController.m */; };
		D3D394CA09BC0658004E215A /* ArtistDetails.nib in Resources */ = {isa = PBXBuildFile; fileRef = D3D394C809BC0658004E215A /* ArtistDetails.nib */; };
		D3D7BB070809AC26005EF5CA /* ISProfileDocumentController.m in Sources */ = {isa = PBXBuildFile; fileRef = D3D7BB050809AC26005EF5CA /* ISProfileDocumentController.m */; };
		D3D7BB1C0809AD09005EF5CA /* WebKit.framework in Frameworks */ = {isa = PBXBuildFile; fileRef = D3D7BB1B0809AD09005EF5CA /* WebKit.framework */; };
		D3D7BB560809B0EC005EF5CA /* ProfileReport.css in Resources */ = {isa = PBXBuildFile; fileRef = D3D7BB4A0809B09D005EF5CA /* ProfileReport.css */; };
		D3D7BE04080A209E005EF5CA /* ISProfileReport.nib in Resources */ = {isa = PBXBuildFile; fileRef = D3D7BAFF0809A806005EF5CA /* ISProfileReport.nib */; };
		D3EC731C0804F74600392110 /* Growl.framework in CopyFiles */ = {isa = PBXBuildFile; fileRef = D3EC73100804F73B00392110 /* Growl.framework */; };
		D3EC7C9E080858F800392110 /* KFAppleScriptHandlerAdditionsCore.m in Sources */ = {isa = PBXBuildFile; fileRef = D3EC7C9A080858F800392110 /* KFAppleScriptHandlerAdditionsCore.m */; };
		D3EC7CA0080858F800392110 /* KFASHandlerAdditions-TypeTranslation.m in Sources */ = {isa = PBXBuildFile; fileRef = D3EC7C9C080858F800392110 /* KFASHandlerAdditions-TypeTranslation.m */; };
		D3EE90A30A093FF80024A013 /* checkmark.tif in Resources */ = {isa = PBXBuildFile; fileRef = D3EE90A20A093FF80024A013 /* checkmark.tif */; };
		D3EE9CC70A144A470024A013 /* MBID.c in Sources */ = {isa = PBXBuildFile; fileRef = D3EE9CC50A144A470024A013 /* MBID.c */; };
		D3F4A4350CC4FF4B000DCBB6 /* ISThreadMessenger.m in Sources */ = {isa = PBXBuildFile; fileRef = D3F4A4340CC4FF4B000DCBB6 /* ISThreadMessenger.m */; };
		D3F4A4E90CC56EA9000DCBB6 /* PersistentSessionManager.m in Sources */ = {isa = PBXBuildFile; fileRef = D3F4A4E70CC56EA9000DCBB6 /* PersistentSessionManager.m */; };
/* End PBXBuildFile section */

/* Begin PBXBuildRule section */
		D3B2742D0826BC5800B8E08B /* PBXBuildRule */ = {
			isa = PBXBuildRule;
			compilerSpec = com.apple.compilers.gcc.4_0;
			fileType = sourcecode.c;
			isEditable = 1;
			outputFiles = (
			);
		};
/* End PBXBuildRule section */

/* Begin PBXContainerItemProxy section */
		D37606610CB2360400C04863 /* PBXContainerItemProxy */ = {
			isa = PBXContainerItemProxy;
			containerPortal = 29B97313FDCFA39411CA2CEA /* Project object */;
			proxyType = 1;
			remoteGlobalIDString = D37606390CB230A900C04863;
			remoteInfo = iChatStatus;
		};
/* End PBXContainerItemProxy section */

/* Begin PBXCopyFilesBuildPhase section */
		D37606630CB2362D00C04863 /* CopyFiles */ = {
			isa = PBXCopyFilesBuildPhase;
			buildActionMask = 2147483647;
			dstPath = "";
			dstSubfolderSpec = 13;
			files = (
				D37606650CB2363F00C04863 /* ChatStatus.plugin in CopyFiles */,
			);
			runOnlyForDeploymentPostprocessing = 0;
		};
		D3EC730D0804F70F00392110 /* CopyFiles */ = {
			isa = PBXCopyFilesBuildPhase;
			buildActionMask = 2147483647;
			dstPath = "";
			dstSubfolderSpec = 10;
			files = (
				D3EC731C0804F74600392110 /* Growl.framework in CopyFiles */,
			);
			runOnlyForDeploymentPostprocessing = 0;
		};
/* End PBXCopyFilesBuildPhase section */

/* Begin PBXFileReference section */
		089C165DFE840E0CC02AAC07 /* English */ = {isa = PBXFileReference; fileEncoding = 10; lastKnownFileType = text.plist.strings; name = English; path = English.lproj/InfoPlist.strings; sourceTree = "<group>"; };
		1058C7A1FEA54F0111CA2CBB /* Cocoa.framework */ = {isa = PBXFileReference; lastKnownFileType = wrapper.framework; name = Cocoa.framework; path = /System/Library/Frameworks/Cocoa.framework; sourceTree = "<absolute>"; };
		29B97316FDCFA39411CA2CEA /* main.m */ = {isa = PBXFileReference; fileEncoding = 30; lastKnownFileType = sourcecode.c.objc; path = main.m; sourceTree = "<group>"; };
		29B97319FDCFA39411CA2CEA /* English */ = {isa = PBXFileReference; lastKnownFileType = wrapper.nib; name = English; path = English.lproj/MainMenu.nib; sourceTree = "<group>"; };
		D306F89009EC34F80011CEE1 /* no_artist.tiff */ = {isa = PBXFileReference; lastKnownFileType = image.tiff; path = no_artist.tiff; sourceTree = "<group>"; };
		D306FC7909EF550C0011CEE1 /* no_album.tiff */ = {isa = PBXFileReference; lastKnownFileType = image.tiff; path = no_album.tiff; sourceTree = "<group>"; };
		D30BB08F0CCB56D3005DCFA2 /* TopListsPersistenceAdaptor.m */ = {isa = PBXFileReference; fileEncoding = 4; lastKnownFileType = sourcecode.c.objc; path = TopListsPersistenceAdaptor.m; sourceTree = "<group>"; };
		D30BBF9C0CCF5EE0005DCFA2 /* IOKit.framework */ = {isa = PBXFileReference; lastKnownFileType = wrapper.framework; name = IOKit.framework; path = /System/Library/Frameworks/IOKit.framework; sourceTree = "<absolute>"; };
		D312EB550735548F00A2CFD5 /* QueueManager.h */ = {isa = PBXFileReference; fileEncoding = 30; lastKnownFileType = sourcecode.c.h; path = QueueManager.h; sourceTree = "<group>"; };
		D312EB560735548F00A2CFD5 /* QueueManager.m */ = {isa = PBXFileReference; fileEncoding = 30; lastKnownFileType = sourcecode.c.objc; path = QueueManager.m; sourceTree = "<group>"; };
		D312ED9F07359DE000A2CFD5 /* ProtocolManager.h */ = {isa = PBXFileReference; fileEncoding = 4; lastKnownFileType = sourcecode.c.h; path = ProtocolManager.h; sourceTree = "<group>"; };
		D312EDA007359DE000A2CFD5 /* ProtocolManager.m */ = {isa = PBXFileReference; fileEncoding = 4; lastKnownFileType = sourcecode.c.objc; path = ProtocolManager.m; sourceTree = "<group>"; };
		D312EDA307359E0A00A2CFD5 /* ProtocolManager+Subclassers.h */ = {isa = PBXFileReference; fileEncoding = 4; lastKnownFileType = sourcecode.c.h; path = "ProtocolManager+Subclassers.h"; sourceTree = "<group>"; };
		D312EDFF0735A78D00A2CFD5 /* ProtocolManager_v11.h */ = {isa = PBXFileReference; fileEncoding = 4; lastKnownFileType = sourcecode.c.h; path = ProtocolManager_v11.h; sourceTree = "<group>"; };
		D312EE000735A78D00A2CFD5 /* ProtocolManager_v11.m */ = {isa = PBXFileReference; fileEncoding = 4; lastKnownFileType = sourcecode.c.objc; path = ProtocolManager_v11.m; sourceTree = "<group>"; };
		D31791160A6A9B5C00B0F081 /* BBNetUpdateAskController.h */ = {isa = PBXFileReference; fileEncoding = 4; lastKnownFileType = sourcecode.c.h; path = BBNetUpdateAskController.h; sourceTree = "<group>"; };
		D31791170A6A9B5C00B0F081 /* BBNetUpdateAskController.m */ = {isa = PBXFileReference; fileEncoding = 4; lastKnownFileType = sourcecode.c.objc; path = BBNetUpdateAskController.m; sourceTree = "<group>"; };
		D31791180A6A9B5C00B0F081 /* BBNetUpdateDownloadController.h */ = {isa = PBXFileReference; fileEncoding = 4; lastKnownFileType = sourcecode.c.h; path = BBNetUpdateDownloadController.h; sourceTree = "<group>"; };
		D31791190A6A9B5C00B0F081 /* BBNetUpdateDownloadController.m */ = {isa = PBXFileReference; fileEncoding = 4; lastKnownFileType = sourcecode.c.objc; path = BBNetUpdateDownloadController.m; sourceTree = "<group>"; };
		D317911A0A6A9B5C00B0F081 /* BBNetUpdateVersionCheckController.h */ = {isa = PBXFileReference; fileEncoding = 4; lastKnownFileType = sourcecode.c.h; path = BBNetUpdateVersionCheckController.h; sourceTree = "<group>"; };
		D317911B0A6A9B5C00B0F081 /* BBNetUpdateVersionCheckController.m */ = {isa = PBXFileReference; fileEncoding = 4; lastKnownFileType = sourcecode.c.objc; path = BBNetUpdateVersionCheckController.m; sourceTree = "<group>"; };
		D317911D0A6A9B5C00B0F081 /* English */ = {isa = PBXFileReference; fileEncoding = 10; lastKnownFileType = text.plist.strings; name = English; path = English.lproj/BBNetUpdate.strings; sourceTree = "<group>"; };
		D317911F0A6A9B5C00B0F081 /* English */ = {isa = PBXFileReference; lastKnownFileType = wrapper.nib; name = English; path = English.lproj/BBNetUpdateAsk.nib; sourceTree = "<group>"; };
		D31791210A6A9B5C00B0F081 /* English */ = {isa = PBXFileReference; lastKnownFileType = wrapper.nib; name = English; path = English.lproj/BBNetUpdateDownload.nib; sourceTree = "<group>"; };
		D31791230A6A9B5C00B0F081 /* English */ = {isa = PBXFileReference; lastKnownFileType = wrapper.nib; name = English; path = English.lproj/BBNetUpdateVersionCheck.nib; sourceTree = "<group>"; };
		D31791300A6A9B5C00B0F081 /* BBNetUpdateConfig.plist */ = {isa = PBXFileReference; fileEncoding = 4; lastKnownFileType = text.xml; path = BBNetUpdateConfig.plist; sourceTree = "<group>"; };
		D3191CC807E3A51700821D03 /* Info-iScrobbler.plist */ = {isa = PBXFileReference; fileEncoding = 4; lastKnownFileType = text.xml; path = "Info-iScrobbler.plist"; sourceTree = "<group>"; };
		D3191CC907E3A51700821D03 /* iScrobbler.app */ = {isa = PBXFileReference; explicitFileType = wrapper.application; includeInIndex = 0; path = iScrobbler.app; sourceTree = BUILT_PRODUCTS_DIR; };
		D32907090CDB4E0600CAAB66 /* LoginItemsAE.c */ = {isa = PBXFileReference; fileEncoding = 4; lastKnownFileType = sourcecode.c.c; path = LoginItemsAE.c; sourceTree = "<group>"; };
		D329070A0CDB4E0600CAAB66 /* LoginItemsAE.h */ = {isa = PBXFileReference; fileEncoding = 4; lastKnownFileType = sourcecode.c.h; path = LoginItemsAE.h; sourceTree = "<group>"; };
		D34BF2E80CD2D6BA002BC0DF /* ISiTunesLibrary.h */ = {isa = PBXFileReference; fileEncoding = 4; lastKnownFileType = sourcecode.c.h; path = ISiTunesLibrary.h; sourceTree = "<group>"; };
		D34BF2E90CD2D6BA002BC0DF /* ISiTunesLibrary.m */ = {isa = PBXFileReference; fileEncoding = 4; lastKnownFileType = sourcecode.c.objc; path = ISiTunesLibrary.m; sourceTree = "<group>"; };
		D37605540CB18BF700C04863 /* ISPlugin.h */ = {isa = PBXFileReference; fileEncoding = 4; lastKnownFileType = sourcecode.c.h; path = ISPlugin.h; sourceTree = "<group>"; };
		D37605550CB18BF700C04863 /* ISPluginController.h */ = {isa = PBXFileReference; fileEncoding = 4; lastKnownFileType = sourcecode.c.h; path = ISPluginController.h; sourceTree = "<group>"; };
		D37605560CB18BF700C04863 /* ISPluginController.m */ = {isa = PBXFileReference; fileEncoding = 4; lastKnownFileType = sourcecode.c.objc; path = ISPluginController.m; sourceTree = "<group>"; };
		D37606340CB2307F00C04863 /* ChatStatus.m */ = {isa = PBXFileReference; fileEncoding = 4; lastKnownFileType = sourcecode.c.objc; path = ChatStatus.m; sourceTree = "<group>"; };
		D376063A0CB230A900C04863 /* ChatStatus.plugin */ = {isa = PBXFileReference; explicitFileType = wrapper.cfbundle; includeInIndex = 0; path = ChatStatus.plugin; sourceTree = BUILT_PRODUCTS_DIR; };
		D376063B0CB230A900C04863 /* ChatStatus-Info.plist */ = {isa = PBXFileReference; lastKnownFileType = text.xml; path = "ChatStatus-Info.plist"; sourceTree = "<group>"; };
		D37606AC0CB236CD00C04863 /* InstantMessage.framework */ = {isa = PBXFileReference; lastKnownFileType = wrapper.framework; name = InstantMessage.framework; path = /System/Library/Frameworks/InstantMessage.framework; sourceTree = "<absolute>"; };
		D3760C640CB421A400C04863 /* Persistence.h */ = {isa = PBXFileReference; fileEncoding = 4; lastKnownFileType = sourcecode.c.h; name = Persistence.h; path = src/Persistence.h; sourceTree = "<group>"; };
		D3760CC90CB4241900C04863 /* Persistence.m */ = {isa = PBXFileReference; fileEncoding = 4; lastKnownFileType = sourcecode.c.objc; name = Persistence.m; path = src/Persistence.m; sourceTree = "<group>"; };
		D37610AC0CB5314900C04863 /* iScrobbler.xcdatamodel */ = {isa = PBXFileReference; fileEncoding = 4; lastKnownFileType = wrapper.xcdatamodel; name = iScrobbler.xcdatamodel; path = res/iScrobbler.xcdatamodel; sourceTree = "<group>"; };
		D37619A10CBA576000C04863 /* iTunesImport.m */ = {isa = PBXFileReference; fileEncoding = 4; lastKnownFileType = sourcecode.c.objc; name = iTunesImport.m; path = src/iTunesImport.m; sourceTree = "<group>"; };
		D376EC690CA8E21900C04863 /* ISStatusItem.h */ = {isa = PBXFileReference; fileEncoding = 4; lastKnownFileType = sourcecode.c.h; path = ISStatusItem.h; sourceTree = "<group>"; };
		D376EC6A0CA8E21900C04863 /* ISStatusItem.m */ = {isa = PBXFileReference; fileEncoding = 4; lastKnownFileType = sourcecode.c.objc; path = ISStatusItem.m; sourceTree = "<group>"; };
		D376EE920CA9153E00C04863 /* ISStatusItemView.h */ = {isa = PBXFileReference; fileEncoding = 4; lastKnownFileType = sourcecode.c.h; path = ISStatusItemView.h; sourceTree = "<group>"; };
		D376EE930CA9153E00C04863 /* ISStatusItemView.m */ = {isa = PBXFileReference; fileEncoding = 4; lastKnownFileType = sourcecode.c.objc; path = ISStatusItemView.m; sourceTree = "<group>"; };
		D376FC690CAD00A000C04863 /* iScrobbler.sdef */ = {isa = PBXFileReference; fileEncoding = 4; lastKnownFileType = text.sdef; path = iScrobbler.sdef; sourceTree = "<group>"; };
		D38F6CCD0B53514400230DBE /* ISRecommendController.h */ = {isa = PBXFileReference; fileEncoding = 4; lastKnownFileType = sourcecode.c.h; path = ISRecommendController.h; sourceTree = "<group>"; };
		D38F6CCE0B53514400230DBE /* ISRecommendController.m */ = {isa = PBXFileReference; fileEncoding = 4; lastKnownFileType = sourcecode.c.objc; path = ISRecommendController.m; sourceTree = "<group>"; };
		D38F6D720B535AF800230DBE /* English */ = {isa = PBXFileReference; lastKnownFileType = wrapper.nib; name = English; path = English.lproj/Recommend.nib; sourceTree = "<group>"; };
		D38F6FB50B541A6300230DBE /* English */ = {isa = PBXFileReference; lastKnownFileType = wrapper.nib; name = English; path = English.lproj/Tag.nib; sourceTree = "<group>"; };
		D38F6FB70B541A9000230DBE /* ISTagController.h */ = {isa = PBXFileReference; fileEncoding = 4; lastKnownFileType = sourcecode.c.h; path = ISTagController.h; sourceTree = "<group>"; };
		D38F6FB80B541A9000230DBE /* ISTagController.m */ = {isa = PBXFileReference; fileEncoding = 4; lastKnownFileType = sourcecode.c.objc; path = ISTagController.m; sourceTree = "<group>"; };
		D38F74BA0B56CDEC00230DBE /* English */ = {isa = PBXFileReference; lastKnownFileType = wrapper.nib; name = English; path = English.lproj/LoveBanList.nib; sourceTree = "<group>"; };
		D38F74BC0B56CE2800230DBE /* ISLoveBanListController.h */ = {isa = PBXFileReference; fileEncoding = 4; lastKnownFileType = sourcecode.c.h; path = ISLoveBanListController.h; sourceTree = "<group>"; };
		D38F74BD0B56CE2800230DBE /* ISLoveBanListController.m */ = {isa = PBXFileReference; fileEncoding = 4; lastKnownFileType = sourcecode.c.objc; path = ISLoveBanListController.m; sourceTree = "<group>"; };
		D39A88340BE68D4000F65AF5 /* ProtocolManager_v12.m */ = {isa = PBXFileReference; fileEncoding = 4; lastKnownFileType = sourcecode.c.objc; path = ProtocolManager_v12.m; sourceTree = "<group>"; };
		D39A88360BE68D6E00F65AF5 /* ProtocolManager_v12.h */ = {isa = PBXFileReference; fileEncoding = 4; lastKnownFileType = sourcecode.c.h; path = ProtocolManager_v12.h; sourceTree = "<group>"; };
		D39C15FB0800716200F3816B /* iTunesGetCurrentTrackInfo.applescript */ = {isa = PBXFileReference; fileEncoding = 4; lastKnownFileType = sourcecode.applescript; path = iTunesGetCurrentTrackInfo.applescript; sourceTree = "<group>"; };
		D39C17FA0801CF5100F3816B /* iScrobblerController+Private.m */ = {isa = PBXFileReference; fileEncoding = 4; lastKnownFileType = sourcecode.c.objc; path = "iScrobblerController+Private.m"; sourceTree = "<group>"; };
		D3B19F600B5174CF008F54BF /* iPodUpdate.applescript */ = {isa = PBXFileReference; fileEncoding = 4; lastKnownFileType = sourcecode.applescript; path = iPodUpdate.applescript; sourceTree = "<group>"; };
		D3B1A0CD0B51A1B2008F54BF /* ASXMLRPC.h */ = {isa = PBXFileReference; fileEncoding = 4; lastKnownFileType = sourcecode.c.h; path = ASXMLRPC.h; sourceTree = "<group>"; };
		D3B1A0CE0B51A1B2008F54BF /* ASXMLRPC.m */ = {isa = PBXFileReference; fileEncoding = 4; lastKnownFileType = sourcecode.c.objc; path = ASXMLRPC.m; sourceTree = "<group>"; };
		D3B61DF20744151D00AF5A33 /* ScrobLog.h */ = {isa = PBXFileReference; fileEncoding = 4; lastKnownFileType = sourcecode.c.h; path = ScrobLog.h; sourceTree = "<group>"; };
		D3B61DF30744151D00AF5A33 /* ScrobLog.m */ = {isa = PBXFileReference; fileEncoding = 4; lastKnownFileType = sourcecode.c.objc; path = ScrobLog.m; sourceTree = "<group>"; };
		D3C1126D084565DF000AA2BC /* de */ = {isa = PBXFileReference; fileEncoding = 10; lastKnownFileType = text.plist.strings; name = de; path = de.lproj/Localizable.strings; sourceTree = "<group>"; };
		D3C304230CA28879001AEFEA /* highlight_blue.tiff */ = {isa = PBXFileReference; lastKnownFileType = image.tiff; path = highlight_blue.tiff; sourceTree = "<group>"; };
		D3C304240CA28879001AEFEA /* highlight_grey.tiff */ = {isa = PBXFileReference; lastKnownFileType = image.tiff; path = highlight_grey.tiff; sourceTree = "<group>"; };
		D3C304250CA28879001AEFEA /* LNSSourceListCell.h */ = {isa = PBXFileReference; fileEncoding = 4; lastKnownFileType = sourcecode.c.h; path = LNSSourceListCell.h; sourceTree = "<group>"; };
		D3C304260CA28879001AEFEA /* LNSSourceListCell.m */ = {isa = PBXFileReference; fileEncoding = 4; lastKnownFileType = sourcecode.c.objc; path = LNSSourceListCell.m; sourceTree = "<group>"; };
		D3C304270CA28879001AEFEA /* LNSSourceListColumn.h */ = {isa = PBXFileReference; fileEncoding = 4; lastKnownFileType = sourcecode.c.h; path = LNSSourceListColumn.h; sourceTree = "<group>"; };
		D3C304280CA28879001AEFEA /* LNSSourceListColumn.m */ = {isa = PBXFileReference; fileEncoding = 4; lastKnownFileType = sourcecode.c.objc; path = LNSSourceListColumn.m; sourceTree = "<group>"; };
		D3C304290CA28879001AEFEA /* LNSSourceListSourceGroupCell.h */ = {isa = PBXFileReference; fileEncoding = 4; lastKnownFileType = sourcecode.c.h; path = LNSSourceListSourceGroupCell.h; sourceTree = "<group>"; };
		D3C3042A0CA28879001AEFEA /* LNSSourceListSourceGroupCell.m */ = {isa = PBXFileReference; fileEncoding = 4; lastKnownFileType = sourcecode.c.objc; path = LNSSourceListSourceGroupCell.m; sourceTree = "<group>"; };
		D3C3042B0CA28879001AEFEA /* LNSSourceListView.h */ = {isa = PBXFileReference; fileEncoding = 4; lastKnownFileType = sourcecode.c.h; path = LNSSourceListView.h; sourceTree = "<group>"; };
		D3C3042C0CA28879001AEFEA /* LNSSourceListView.m */ = {isa = PBXFileReference; fileEncoding = 4; lastKnownFileType = sourcecode.c.objc; path = LNSSourceListView.m; sourceTree = "<group>"; };
		D3C3043D0CA288EA001AEFEA /* ISRadioSearchController.h */ = {isa = PBXFileReference; fileEncoding = 4; lastKnownFileType = sourcecode.c.h; path = ISRadioSearchController.h; sourceTree = "<group>"; };
		D3C3043E0CA288EA001AEFEA /* ISRadioSearchController.m */ = {isa = PBXFileReference; fileEncoding = 4; lastKnownFileType = sourcecode.c.objc; path = ISRadioSearchController.m; sourceTree = "<group>"; };
		D3C304490CA291E2001AEFEA /* ASXMLFile.h */ = {isa = PBXFileReference; fileEncoding = 4; lastKnownFileType = sourcecode.c.h; path = ASXMLFile.h; sourceTree = "<group>"; };
		D3C3044A0CA291E2001AEFEA /* ASXMLFile.m */ = {isa = PBXFileReference; fileEncoding = 4; lastKnownFileType = sourcecode.c.objc; path = ASXMLFile.m; sourceTree = "<group>"; };
		D3C308F00CA3BCD3001AEFEA /* ISPrefix.h */ = {isa = PBXFileReference; fileEncoding = 4; lastKnownFileType = sourcecode.c.h; path = ISPrefix.h; sourceTree = "<group>"; };
		D3C309970CA3D317001AEFEA /* iTunesStop.applescript */ = {isa = PBXFileReference; fileEncoding = 4; lastKnownFileType = sourcecode.applescript; path = iTunesStop.applescript; sourceTree = "<group>"; };
		D3C30BA10CA45BE7001AEFEA /* ISRadioSearch.nib */ = {isa = PBXFileReference; lastKnownFileType = wrapper.nib; path = ISRadioSearch.nib; sourceTree = "<group>"; };
		D3C3FBA50C9D95A3001AEFEA /* ASWebServices.h */ = {isa = PBXFileReference; fileEncoding = 4; lastKnownFileType = sourcecode.c.h; path = ASWebServices.h; sourceTree = "<group>"; };
		D3C3FBA60C9D95A3001AEFEA /* ASWebServices.m */ = {isa = PBXFileReference; fileEncoding = 4; lastKnownFileType = sourcecode.c.objc; path = ASWebServices.m; sourceTree = "<group>"; };
		D3C3FBB40C9DACA6001AEFEA /* ISRadioController.h */ = {isa = PBXFileReference; fileEncoding = 4; lastKnownFileType = sourcecode.c.h; path = ISRadioController.h; sourceTree = "<group>"; };
		D3C3FBB50C9DACA6001AEFEA /* ISRadioController.m */ = {isa = PBXFileReference; fileEncoding = 4; lastKnownFileType = sourcecode.c.objc; path = ISRadioController.m; sourceTree = "<group>"; };
		D3C3FD610C9EA0E2001AEFEA /* iTunesPlayURL.applescript */ = {isa = PBXFileReference; fileEncoding = 4; lastKnownFileType = sourcecode.applescript; path = iTunesPlayURL.applescript; sourceTree = "<group>"; };
		D3CB130F07750960009236FF /* English */ = {isa = PBXFileReference; lastKnownFileType = wrapper.nib; name = English; path = English.lproj/StatisticsController.nib; sourceTree = "<group>"; };
		D3CB1313077509D3009236FF /* StatisticsController.h */ = {isa = PBXFileReference; fileEncoding = 30; lastKnownFileType = sourcecode.c.h; path = StatisticsController.h; sourceTree = "<group>"; };
		D3CB1314077509D3009236FF /* StatisticsController.m */ = {isa = PBXFileReference; fileEncoding = 30; lastKnownFileType = sourcecode.c.objc; path = StatisticsController.m; sourceTree = "<group>"; };
		D3CB14FC07755151009236FF /* iTunesGetPlaylists.applescript */ = {isa = PBXFileReference; fileEncoding = 30; lastKnownFileType = sourcecode.applescript; path = iTunesGetPlaylists.applescript; sourceTree = "<group>"; };
		D3CB38A307A59AE5009236FF /* English */ = {isa = PBXFileReference; lastKnownFileType = wrapper.nib; name = English; path = English.lproj/TopLists.nib; sourceTree = "<group>"; };
		D3CB38A507A59AFE009236FF /* TopListsController.h */ = {isa = PBXFileReference; fileEncoding = 30; lastKnownFileType = sourcecode.c.h; path = TopListsController.h; sourceTree = "<group>"; };
		D3CB38A607A59AFE009236FF /* TopListsController.m */ = {isa = PBXFileReference; fileEncoding = 30; lastKnownFileType = sourcecode.c.objc; path = TopListsController.m; sourceTree = "<group>"; };
		D3D3924109BAA3E6004E215A /* NSWorkspace+ISAdditions.m */ = {isa = PBXFileReference; fileEncoding = 4; lastKnownFileType = sourcecode.c.objc; path = "NSWorkspace+ISAdditions.m"; sourceTree = "<group>"; };
		D3D3944F09BBF8D1004E215A /* ISArtistDetailsController.h */ = {isa = PBXFileReference; fileEncoding = 4; lastKnownFileType = sourcecode.c.h; path = ISArtistDetailsController.h; sourceTree = "<group>"; };
		D3D3945009BBF8D1004E215A /* ISArtistDetailsController.m */ = {isa = PBXFileReference; fileEncoding = 4; lastKnownFileType = sourcecode.c.objc; path = ISArtistDetailsController.m; sourceTree = "<group>"; };
		D3D394C909BC0658004E215A /* English */ = {isa = PBXFileReference; lastKnownFileType = wrapper.nib; name = English; path = English.lproj/ArtistDetails.nib; sourceTree = "<group>"; };
		D3D4741F077407F50076AA7D /* SystemConfiguration.framework */ = {isa = PBXFileReference; lastKnownFileType = wrapper.framework; name = SystemConfiguration.framework; path = /System/Library/Frameworks/SystemConfiguration.framework; sourceTree = "<absolute>"; };
		D3D4746007740A760076AA7D /* libcrypto.dylib */ = {isa = PBXFileReference; lastKnownFileType = "compiled.mach-o.dylib"; name = libcrypto.dylib; path = /usr/lib/libcrypto.dylib; sourceTree = "<absolute>"; };
		D3D7BB000809A806005EF5CA /* English */ = {isa = PBXFileReference; lastKnownFileType = wrapper.nib; name = English; path = English.lproj/ISProfileReport.nib; sourceTree = "<group>"; };
		D3D7BB040809AC26005EF5CA /* ISProfileDocumentController.h */ = {isa = PBXFileReference; fileEncoding = 4; lastKnownFileType = sourcecode.c.h; path = ISProfileDocumentController.h; sourceTree = "<group>"; };
		D3D7BB050809AC26005EF5CA /* ISProfileDocumentController.m */ = {isa = PBXFileReference; fileEncoding = 4; lastKnownFileType = sourcecode.c.objc; path = ISProfileDocumentController.m; sourceTree = "<group>"; };
		D3D7BB1B0809AD09005EF5CA /* WebKit.framework */ = {isa = PBXFileReference; lastKnownFileType = wrapper.framework; name = WebKit.framework; path = /System/Library/Frameworks/WebKit.framework; sourceTree = "<absolute>"; };
		D3D7BB4A0809B09D005EF5CA /* ProfileReport.css */ = {isa = PBXFileReference; fileEncoding = 4; lastKnownFileType = text; path = ProfileReport.css; sourceTree = "<group>"; };
		D3EC73100804F73B00392110 /* Growl.framework */ = {isa = PBXFileReference; lastKnownFileType = wrapper.framework; path = Growl.framework; sourceTree = "<group>"; };
		D3EC7B8108082DED00392110 /* iTunesGetArtworkForTrack.applescript */ = {isa = PBXFileReference; fileEncoding = 4; lastKnownFileType = sourcecode.applescript; path = iTunesGetArtworkForTrack.applescript; sourceTree = "<group>"; };
		D3EC7B8208082DED00392110 /* iTunesPlaySpecifiedTrack.applescript */ = {isa = PBXFileReference; fileEncoding = 4; lastKnownFileType = sourcecode.applescript; path = iTunesPlaySpecifiedTrack.applescript; sourceTree = "<group>"; };
		D3EC7C99080858F800392110 /* KFAppleScriptHandlerAdditionsCore.h */ = {isa = PBXFileReference; fileEncoding = 4; lastKnownFileType = sourcecode.c.h; path = KFAppleScriptHandlerAdditionsCore.h; sourceTree = "<group>"; };
		D3EC7C9A080858F800392110 /* KFAppleScriptHandlerAdditionsCore.m */ = {isa = PBXFileReference; fileEncoding = 4; lastKnownFileType = sourcecode.c.objc; path = KFAppleScriptHandlerAdditionsCore.m; sourceTree = "<group>"; };
		D3EC7C9B080858F800392110 /* KFASHandlerAdditions-TypeTranslation.h */ = {isa = PBXFileReference; fileEncoding = 4; lastKnownFileType = sourcecode.c.h; path = "KFASHandlerAdditions-TypeTranslation.h"; sourceTree = "<group>"; };
		D3EC7C9C080858F800392110 /* KFASHandlerAdditions-TypeTranslation.m */ = {isa = PBXFileReference; fileEncoding = 4; lastKnownFileType = sourcecode.c.objc; path = "KFASHandlerAdditions-TypeTranslation.m"; sourceTree = "<group>"; };
		D3EE90A20A093FF80024A013 /* checkmark.tif */ = {isa = PBXFileReference; lastKnownFileType = image.tiff; path = checkmark.tif; sourceTree = "<group>"; };
		D3EE9CC50A144A470024A013 /* MBID.c */ = {isa = PBXFileReference; fileEncoding = 4; lastKnownFileType = sourcecode.c.c; path = MBID.c; sourceTree = "<group>"; };
		D3EE9CC60A144A470024A013 /* MBID.h */ = {isa = PBXFileReference; fileEncoding = 4; lastKnownFileType = sourcecode.c.h; path = MBID.h; sourceTree = "<group>"; };
		D3EFA9AF07A9B1FA00CF9B46 /* ISSearchArrayController.h */ = {isa = PBXFileReference; fileEncoding = 30; lastKnownFileType = sourcecode.c.h; path = ISSearchArrayController.h; sourceTree = "<group>"; };
		D3EFA9B007A9B1FA00CF9B46 /* ISSearchArrayController.m */ = {isa = PBXFileReference; fileEncoding = 30; lastKnownFileType = sourcecode.c.objc; path = ISSearchArrayController.m; sourceTree = "<group>"; };
		D3F4A4300CC4FF2F000DCBB6 /* ISThreadMessenger.h */ = {isa = PBXFileReference; fileEncoding = 4; lastKnownFileType = sourcecode.c.h; path = ISThreadMessenger.h; sourceTree = "<group>"; };
		D3F4A4340CC4FF4B000DCBB6 /* ISThreadMessenger.m */ = {isa = PBXFileReference; fileEncoding = 4; lastKnownFileType = sourcecode.c.objc; path = ISThreadMessenger.m; sourceTree = "<group>"; };
		D3F4A4E60CC56EA9000DCBB6 /* PersistentSessionManager.h */ = {isa = PBXFileReference; fileEncoding = 4; lastKnownFileType = sourcecode.c.h; name = PersistentSessionManager.h; path = src/PersistentSessionManager.h; sourceTree = "<group>"; };
		D3F4A4E70CC56EA9000DCBB6 /* PersistentSessionManager.m */ = {isa = PBXFileReference; fileEncoding = 4; lastKnownFileType = sourcecode.c.objc; name = PersistentSessionManager.m; path = src/PersistentSessionManager.m; sourceTree = "<group>"; };
		DC00A46205B21B9200674DB4 /* iscrobbler.icns */ = {isa = PBXFileReference; lastKnownFileType = image.icns; path = iscrobbler.icns; sourceTree = "<group>"; };
		EB16394A04080C51005DC01B /* README */ = {isa = PBXFileReference; fileEncoding = 4; lastKnownFileType = text; path = README; sourceTree = "<group>"; };
		EB24D529040AECC8005DC01B /* CHANGE_LOG */ = {isa = PBXFileReference; fileEncoding = 4; lastKnownFileType = text; path = CHANGE_LOG; sourceTree = "<group>"; };
		EB50662D03FBB239005DC01B /* keychain.m */ = {isa = PBXFileReference; fileEncoding = 4; lastKnownFileType = sourcecode.c.objc; path = keychain.m; sourceTree = "<group>"; };
		EB50662F03FBB284005DC01B /* keychain.h */ = {isa = PBXFileReference; fileEncoding = 4; lastKnownFileType = sourcecode.c.h; path = keychain.h; sourceTree = "<group>"; };
		EB5069A903FBC43A005DC01B /* Security.framework */ = {isa = PBXFileReference; lastKnownFileType = wrapper.framework; name = Security.framework; path = /System/Library/Frameworks/Security.framework; sourceTree = "<absolute>"; };
		EB5069B303FBC574005DC01B /* Carbon.framework */ = {isa = PBXFileReference; lastKnownFileType = wrapper.framework; name = Carbon.framework; path = /System/Library/Frameworks/Carbon.framework; sourceTree = "<absolute>"; };
		EB5069B403FBC574005DC01B /* CoreFoundation.framework */ = {isa = PBXFileReference; lastKnownFileType = wrapper.framework; name = CoreFoundation.framework; path = /System/Library/Frameworks/CoreFoundation.framework; sourceTree = "<absolute>"; };
		EB607518042A747B005DC01B /* SongData.h */ = {isa = PBXFileReference; fileEncoding = 4; lastKnownFileType = sourcecode.c.h; lineEnding = 2; path = SongData.h; sourceTree = "<group>"; };
		EB607519042A747B005DC01B /* SongData.m */ = {isa = PBXFileReference; fileEncoding = 4; lastKnownFileType = sourcecode.c.objc; lineEnding = 0; path = SongData.m; sourceTree = "<group>"; };
		EBBB2F1E03F7C3F2005DC01B /* defaults.plist */ = {isa = PBXFileReference; fileEncoding = 4; lastKnownFileType = text.xml; lineEnding = 0; path = defaults.plist; sourceTree = "<group>"; };
		F575CE9702FE0E8801A80164 /* iScrobblerController.m */ = {isa = PBXFileReference; fileEncoding = 30; lastKnownFileType = sourcecode.c.objc; lineEnding = 0; path = iScrobblerController.m; sourceTree = "<group>"; };
		F575CE9802FE0E8801A80164 /* iScrobblerController.h */ = {isa = PBXFileReference; fileEncoding = 30; lastKnownFileType = sourcecode.c.h; lineEnding = 0; path = iScrobblerController.h; sourceTree = "<group>"; };
		F575CEAA02FF7F3501A80164 /* PreferenceController.m */ = {isa = PBXFileReference; fileEncoding = 30; lastKnownFileType = sourcecode.c.objc; lineEnding = 0; path = PreferenceController.m; sourceTree = "<group>"; };
		F575CEAB02FF7F3501A80164 /* PreferenceController.h */ = {isa = PBXFileReference; fileEncoding = 30; lastKnownFileType = sourcecode.c.h; path = PreferenceController.h; sourceTree = "<group>"; };
		F575CEAE02FF7FB901A80164 /* English */ = {isa = PBXFileReference; lastKnownFileType = wrapper.nib; name = English; path = English.lproj/Preferences.nib; sourceTree = "<group>"; };
/* End PBXFileReference section */

/* Begin PBXFrameworksBuildPhase section */
		D3191CC007E3A51700821D03 /* Frameworks */ = {
			isa = PBXFrameworksBuildPhase;
			buildActionMask = 2147483647;
			files = (
				D3191CC107E3A51700821D03 /* Cocoa.framework in Frameworks */,
				D3191CC207E3A51700821D03 /* Security.framework in Frameworks */,
				D3191CC307E3A51700821D03 /* Carbon.framework in Frameworks */,
				D3191CC407E3A51700821D03 /* CoreFoundation.framework in Frameworks */,
				D3191CC507E3A51700821D03 /* SystemConfiguration.framework in Frameworks */,
				D3191CC607E3A51700821D03 /* libcrypto.dylib in Frameworks */,
				D3D7BB1C0809AD09005EF5CA /* WebKit.framework in Frameworks */,
				D30BBF9D0CCF5EE0005DCFA2 /* IOKit.framework in Frameworks */,
				D32906A40CDB458400CAAB66 /* Growl.framework in Frameworks */,
			);
			runOnlyForDeploymentPostprocessing = 0;
		};
		D37606380CB230A900C04863 /* Frameworks */ = {
			isa = PBXFrameworksBuildPhase;
			buildActionMask = 2147483647;
			files = (
				D37606790CB236A900C04863 /* Cocoa.framework in Frameworks */,
				D37606AD0CB236CD00C04863 /* InstantMessage.framework in Frameworks */,
			);
			runOnlyForDeploymentPostprocessing = 0;
		};
/* End PBXFrameworksBuildPhase section */

/* Begin PBXGroup section */
		080E96DDFE201D6D7F000001 /* Classes */ = {
			isa = PBXGroup;
			children = (
				F575CE9702FE0E8801A80164 /* iScrobblerController.m */,
				D39C17FA0801CF5100F3816B /* iScrobblerController+Private.m */,
				D3D3945009BBF8D1004E215A /* ISArtistDetailsController.m */,
				D34BF2E90CD2D6BA002BC0DF /* ISiTunesLibrary.m */,
				D38F74BD0B56CE2800230DBE /* ISLoveBanListController.m */,
				D37605560CB18BF700C04863 /* ISPluginController.m */,
				D3D7BB050809AC26005EF5CA /* ISProfileDocumentController.m */,
				D3C3FBB50C9DACA6001AEFEA /* ISRadioController.m */,
				D3C3043E0CA288EA001AEFEA /* ISRadioSearchController.m */,
				D38F6CCE0B53514400230DBE /* ISRecommendController.m */,
				D3EFA9B007A9B1FA00CF9B46 /* ISSearchArrayController.m */,
				D376EC6A0CA8E21900C04863 /* ISStatusItem.m */,
				D376EE930CA9153E00C04863 /* ISStatusItemView.m */,
				D38F6FB80B541A9000230DBE /* ISTagController.m */,
				D3F4A4340CC4FF4B000DCBB6 /* ISThreadMessenger.m */,
				F575CEAA02FF7F3501A80164 /* PreferenceController.m */,
				EB50662D03FBB239005DC01B /* keychain.m */,
				D312EB560735548F00A2CFD5 /* QueueManager.m */,
				D312EDA007359DE000A2CFD5 /* ProtocolManager.m */,
				D312EE000735A78D00A2CFD5 /* ProtocolManager_v11.m */,
				D39A88340BE68D4000F65AF5 /* ProtocolManager_v12.m */,
				EB607519042A747B005DC01B /* SongData.m */,
				D3B61DF30744151D00AF5A33 /* ScrobLog.m */,
				D3CB1314077509D3009236FF /* StatisticsController.m */,
				D3CB38A607A59AFE009236FF /* TopListsController.m */,
				D30BB08F0CCB56D3005DCFA2 /* TopListsPersistenceAdaptor.m */,
				D3C3044A0CA291E2001AEFEA /* ASXMLFile.m */,
				D3B1A0CE0B51A1B2008F54BF /* ASXMLRPC.m */,
				D3C3FBA60C9D95A3001AEFEA /* ASWebServices.m */,
				D3D3924109BAA3E6004E215A /* NSWorkspace+ISAdditions.m */,
				D376223C0CBD7F0900C04863 /* Persistence */,
			);
			name = Classes;
			path = src;
			sourceTree = "<group>";
		};
		1058C7A0FEA54F0111CA2CBB /* Linked Frameworks */ = {
			isa = PBXGroup;
			children = (
				D30BBF9C0CCF5EE0005DCFA2 /* IOKit.framework */,
				D3D7BB1B0809AD09005EF5CA /* WebKit.framework */,
				D3EC73100804F73B00392110 /* Growl.framework */,
				D3D4746007740A760076AA7D /* libcrypto.dylib */,
				D3D4741F077407F50076AA7D /* SystemConfiguration.framework */,
				EB5069B303FBC574005DC01B /* Carbon.framework */,
				EB5069B403FBC574005DC01B /* CoreFoundation.framework */,
				EB5069A903FBC43A005DC01B /* Security.framework */,
				1058C7A1FEA54F0111CA2CBB /* Cocoa.framework */,
			);
			name = "Linked Frameworks";
			sourceTree = "<group>";
		};
		19C28FACFE9D520D11CA2CBB /* Products */ = {
			isa = PBXGroup;
			children = (
				D3191CC907E3A51700821D03 /* iScrobbler.app */,
				D376063A0CB230A900C04863 /* ChatStatus.plugin */,
			);
			name = Products;
			sourceTree = "<group>";
		};
		29B97314FDCFA39411CA2CEA /* Recent Tunes */ = {
			isa = PBXGroup;
			children = (
				080E96DDFE201D6D7F000001 /* Classes */,
				EB50663103FBB296005DC01B /* Headers */,
				D37606320CB2307F00C04863 /* Plugins */,
				29B97315FDCFA39411CA2CEA /* Other Sources */,
				D3B19CB00B4F3049008F54BF /* Scripts */,
				29B97317FDCFA39411CA2CEA /* Resources */,
				D3D7C26F080B99ED005EF5CA /* Documentation */,
				29B97323FDCFA39411CA2CEA /* Frameworks */,
				19C28FACFE9D520D11CA2CBB /* Products */,
			);
			name = "Recent Tunes";
			sourceTree = "<group>";
		};
		29B97315FDCFA39411CA2CEA /* Other Sources */ = {
			isa = PBXGroup;
			children = (
				D32907080CDB4E0600CAAB66 /* LoginItemsAE */,
				D3C304220CA28879001AEFEA /* LNSourceList */,
				D31791150A6A9B5C00B0F081 /* BBNetUpdate */,
				D3EC7C98080858F800392110 /* KFASAdditions */,
				D3EE9CC50A144A470024A013 /* MBID.c */,
				D3EE9CC60A144A470024A013 /* MBID.h */,
				29B97316FDCFA39411CA2CEA /* main.m */,
			);
			name = "Other Sources";
			path = src;
			sourceTree = "<group>";
		};
		29B97317FDCFA39411CA2CEA /* Resources */ = {
			isa = PBXGroup;
			children = (
				D3191CC807E3A51700821D03 /* Info-iScrobbler.plist */,
				EBBB2F1E03F7C3F2005DC01B /* defaults.plist */,
				D31791300A6A9B5C00B0F081 /* BBNetUpdateConfig.plist */,
				D3C1126C084565DF000AA2BC /* Localizable.strings */,
				089C165CFE840E0CC02AAC07 /* InfoPlist.strings */,
				D376FC690CAD00A000C04863 /* iScrobbler.sdef */,
				29B97318FDCFA39411CA2CEA /* MainMenu.nib */,
				D3CB13A1077514A7009236FF /* Preferences.nib */,
				D3CB130E07750960009236FF /* StatisticsController.nib */,
				D3CB38A207A59AE5009236FF /* TopLists.nib */,
				D3D7BAFF0809A806005EF5CA /* ISProfileReport.nib */,
				D3D394C809BC0658004E215A /* ArtistDetails.nib */,
				D38F6D710B535AF800230DBE /* Recommend.nib */,
				D38F6FB40B541A6300230DBE /* Tag.nib */,
				D38F74B90B56CDEC00230DBE /* LoveBanList.nib */,
				D3C30BA10CA45BE7001AEFEA /* ISRadioSearch.nib */,
				D3D7BB4A0809B09D005EF5CA /* ProfileReport.css */,
				DC00A46205B21B9200674DB4 /* iscrobbler.icns */,
				D306F89009EC34F80011CEE1 /* no_artist.tiff */,
				D306FC7909EF550C0011CEE1 /* no_album.tiff */,
				D3EE90A20A093FF80024A013 /* checkmark.tif */,
			);
			name = Resources;
			path = res;
			sourceTree = "<group>";
		};
		29B97323FDCFA39411CA2CEA /* Frameworks */ = {
			isa = PBXGroup;
			children = (
				1058C7A0FEA54F0111CA2CBB /* Linked Frameworks */,
			);
			name = Frameworks;
			sourceTree = "<group>";
		};
		D31791150A6A9B5C00B0F081 /* BBNetUpdate */ = {
			isa = PBXGroup;
			children = (
				D31791160A6A9B5C00B0F081 /* BBNetUpdateAskController.h */,
				D31791170A6A9B5C00B0F081 /* BBNetUpdateAskController.m */,
				D31791180A6A9B5C00B0F081 /* BBNetUpdateDownloadController.h */,
				D31791190A6A9B5C00B0F081 /* BBNetUpdateDownloadController.m */,
				D317911A0A6A9B5C00B0F081 /* BBNetUpdateVersionCheckController.h */,
				D317911B0A6A9B5C00B0F081 /* BBNetUpdateVersionCheckController.m */,
				D317911C0A6A9B5C00B0F081 /* BBNetUpdate.strings */,
				D317911E0A6A9B5C00B0F081 /* BBNetUpdateAsk.nib */,
				D31791200A6A9B5C00B0F081 /* BBNetUpdateDownload.nib */,
				D31791220A6A9B5C00B0F081 /* BBNetUpdateVersionCheck.nib */,
			);
			path = BBNetUpdate;
			sourceTree = "<group>";
		};
		D32907080CDB4E0600CAAB66 /* LoginItemsAE */ = {
			isa = PBXGroup;
			children = (
				D32907090CDB4E0600CAAB66 /* LoginItemsAE.c */,
				D329070A0CDB4E0600CAAB66 /* LoginItemsAE.h */,
			);
			path = LoginItemsAE;
			sourceTree = "<group>";
		};
		D37606320CB2307F00C04863 /* Plugins */ = {
			isa = PBXGroup;
			children = (
				D37606330CB2307F00C04863 /* ChatStatus */,
			);
			name = Plugins;
			path = src/Plugins;
			sourceTree = "<group>";
		};
		D37606330CB2307F00C04863 /* ChatStatus */ = {
			isa = PBXGroup;
			children = (
				D37606340CB2307F00C04863 /* ChatStatus.m */,
				D376063B0CB230A900C04863 /* ChatStatus-Info.plist */,
				D37606AC0CB236CD00C04863 /* InstantMessage.framework */,
			);
			path = ChatStatus;
			sourceTree = "<group>";
		};
		D376223C0CBD7F0900C04863 /* Persistence */ = {
			isa = PBXGroup;
			children = (
				D3760CC90CB4241900C04863 /* Persistence.m */,
				D3760C640CB421A400C04863 /* Persistence.h */,
				D3F4A4E70CC56EA9000DCBB6 /* PersistentSessionManager.m */,
				D3F4A4E60CC56EA9000DCBB6 /* PersistentSessionManager.h */,
				D37619A10CBA576000C04863 /* iTunesImport.m */,
				D37610AC0CB5314900C04863 /* iScrobbler.xcdatamodel */,
			);
			name = Persistence;
			path = ..;
			sourceTree = "<group>";
		};
		D3B19CB00B4F3049008F54BF /* Scripts */ = {
			isa = PBXGroup;
			children = (
				D3C309970CA3D317001AEFEA /* iTunesStop.applescript */,
				D3B19F600B5174CF008F54BF /* iPodUpdate.applescript */,
				D39C15FB0800716200F3816B /* iTunesGetCurrentTrackInfo.applescript */,
				D3CB14FC07755151009236FF /* iTunesGetPlaylists.applescript */,
				D3EC7B8108082DED00392110 /* iTunesGetArtworkForTrack.applescript */,
				D3EC7B8208082DED00392110 /* iTunesPlaySpecifiedTrack.applescript */,
				D3C3FD610C9EA0E2001AEFEA /* iTunesPlayURL.applescript */,
			);
			name = Scripts;
			path = src;
			sourceTree = "<group>";
		};
		D3C304220CA28879001AEFEA /* LNSourceList */ = {
			isa = PBXGroup;
			children = (
				D3C304230CA28879001AEFEA /* highlight_blue.tiff */,
				D3C304240CA28879001AEFEA /* highlight_grey.tiff */,
				D3C304250CA28879001AEFEA /* LNSSourceListCell.h */,
				D3C304260CA28879001AEFEA /* LNSSourceListCell.m */,
				D3C304270CA28879001AEFEA /* LNSSourceListColumn.h */,
				D3C304280CA28879001AEFEA /* LNSSourceListColumn.m */,
				D3C304290CA28879001AEFEA /* LNSSourceListSourceGroupCell.h */,
				D3C3042A0CA28879001AEFEA /* LNSSourceListSourceGroupCell.m */,
				D3C3042B0CA28879001AEFEA /* LNSSourceListView.h */,
				D3C3042C0CA28879001AEFEA /* LNSSourceListView.m */,
			);
			path = LNSourceList;
			sourceTree = "<group>";
		};
		D3D7C26F080B99ED005EF5CA /* Documentation */ = {
			isa = PBXGroup;
			children = (
				EB24D529040AECC8005DC01B /* CHANGE_LOG */,
				EB16394A04080C51005DC01B /* README */,
			);
			includeInIndex = 0;
			name = Documentation;
			sourceTree = "<group>";
		};
		D3EC7C98080858F800392110 /* KFASAdditions */ = {
			isa = PBXGroup;
			children = (
				D3EC7C99080858F800392110 /* KFAppleScriptHandlerAdditionsCore.h */,
				D3EC7C9A080858F800392110 /* KFAppleScriptHandlerAdditionsCore.m */,
				D3EC7C9B080858F800392110 /* KFASHandlerAdditions-TypeTranslation.h */,
				D3EC7C9C080858F800392110 /* KFASHandlerAdditions-TypeTranslation.m */,
			);
			path = KFASAdditions;
			sourceTree = "<group>";
		};
		EB50663103FBB296005DC01B /* Headers */ = {
			isa = PBXGroup;
			children = (
				D3C308F00CA3BCD3001AEFEA /* ISPrefix.h */,
				F575CE9802FE0E8801A80164 /* iScrobblerController.h */,
				D3D3944F09BBF8D1004E215A /* ISArtistDetailsController.h */,
				D34BF2E80CD2D6BA002BC0DF /* ISiTunesLibrary.h */,
				D38F74BC0B56CE2800230DBE /* ISLoveBanListController.h */,
				D37605540CB18BF700C04863 /* ISPlugin.h */,
				D37605550CB18BF700C04863 /* ISPluginController.h */,
				D3D7BB040809AC26005EF5CA /* ISProfileDocumentController.h */,
				D3C3FBB40C9DACA6001AEFEA /* ISRadioController.h */,
				D3C3043D0CA288EA001AEFEA /* ISRadioSearchController.h */,
				D38F6CCD0B53514400230DBE /* ISRecommendController.h */,
				D3EFA9AF07A9B1FA00CF9B46 /* ISSearchArrayController.h */,
				D376EC690CA8E21900C04863 /* ISStatusItem.h */,
				D376EE920CA9153E00C04863 /* ISStatusItemView.h */,
				D38F6FB70B541A9000230DBE /* ISTagController.h */,
				D3F4A4300CC4FF2F000DCBB6 /* ISThreadMessenger.h */,
				F575CEAB02FF7F3501A80164 /* PreferenceController.h */,
				EB50662F03FBB284005DC01B /* keychain.h */,
				EB607518042A747B005DC01B /* SongData.h */,
				D312EB550735548F00A2CFD5 /* QueueManager.h */,
				D312ED9F07359DE000A2CFD5 /* ProtocolManager.h */,
				D312EDA307359E0A00A2CFD5 /* ProtocolManager+Subclassers.h */,
				D312EDFF0735A78D00A2CFD5 /* ProtocolManager_v11.h */,
				D39A88360BE68D6E00F65AF5 /* ProtocolManager_v12.h */,
				D3B61DF20744151D00AF5A33 /* ScrobLog.h */,
				D3CB1313077509D3009236FF /* StatisticsController.h */,
				D3CB38A507A59AFE009236FF /* TopListsController.h */,
				D3C304490CA291E2001AEFEA /* ASXMLFile.h */,
				D3B1A0CD0B51A1B2008F54BF /* ASXMLRPC.h */,
				D3C3FBA50C9D95A3001AEFEA /* ASWebServices.h */,
			);
			name = Headers;
			path = src;
			sourceTree = "<group>";
		};
/* End PBXGroup section */

/* Begin PBXNativeTarget section */
		D3191C9707E3A51700821D03 /* iScrobbler */ = {
			isa = PBXNativeTarget;
			buildConfigurationList = D328477E08566B30009B4D14 /* Build configuration list for PBXNativeTarget "iScrobbler" */;
			buildPhases = (
				D3EC730D0804F70F00392110 /* CopyFiles */,
				D37606630CB2362D00C04863 /* CopyFiles */,
				D3191C9807E3A51700821D03 /* AppleScript */,
				D3191CA907E3A51700821D03 /* Resources */,
				D3191CB307E3A51700821D03 /* Sources */,
				D3191CC007E3A51700821D03 /* Frameworks */,
				D3B19FA90B5179F8008F54BF /* Set Build Number Script */,
			);
			buildRules = (
				D3B2742D0826BC5800B8E08B /* PBXBuildRule */,
			);
			dependencies = (
				D37606620CB2360400C04863 /* PBXTargetDependency */,
			);
			name = iScrobbler;
			productInstallPath = "$(HOME)/Applications";
			productName = iScrobbler;
			productReference = D3191CC907E3A51700821D03 /* iScrobbler.app */;
			productType = "com.apple.product-type.application";
		};
		D37606390CB230A900C04863 /* ChatStatus */ = {
			isa = PBXNativeTarget;
			buildConfigurationList = D376063C0CB230AA00C04863 /* Build configuration list for PBXNativeTarget "ChatStatus" */;
			buildPhases = (
				D37606360CB230A900C04863 /* Resources */,
				D37606370CB230A900C04863 /* Sources */,
				D37606380CB230A900C04863 /* Frameworks */,
			);
			buildRules = (
			);
			dependencies = (
			);
			name = ChatStatus;
			productName = iChatStatus;
			productReference = D376063A0CB230A900C04863 /* ChatStatus.plugin */;
			productType = "com.apple.product-type.bundle";
		};
/* End PBXNativeTarget section */

/* Begin PBXProject section */
		29B97313FDCFA39411CA2CEA /* Project object */ = {
			isa = PBXProject;
			attributes = {
				BuildIndependentTargetsInParallel = YES;
			};
			buildConfigurationList = D328478208566B30009B4D14 /* Build configuration list for PBXProject "iScrobbler" */;
			compatibilityVersion = "Xcode 3.0";
			hasScannedForEncodings = 1;
			knownRegions = (
				English,
				Japanese,
				French,
				German,
				de,
				Spanish,
			);
			mainGroup = 29B97314FDCFA39411CA2CEA /* Recent Tunes */;
			projectDirPath = "";
			projectRoot = "";
			targets = (
				D3191C9707E3A51700821D03 /* iScrobbler */,
				D37606390CB230A900C04863 /* ChatStatus */,
			);
		};
/* End PBXProject section */

/* Begin PBXResourcesBuildPhase section */
		D3191CA907E3A51700821D03 /* Resources */ = {
			isa = PBXResourcesBuildPhase;
			buildActionMask = 2147483647;
			files = (
				D3191CAD07E3A51700821D03 /* iscrobbler.icns in Resources */,
				D3191CAA07E3A51700821D03 /* defaults.plist in Resources */,
				D3191CAB07E3A51700821D03 /* MainMenu.nib in Resources */,
				D3191CAC07E3A51700821D03 /* StatisticsController.nib in Resources */,
				D3191CAE07E3A51700821D03 /* Preferences.nib in Resources */,
				D3191CB207E3A51700821D03 /* TopLists.nib in Resources */,
				D3D7BE04080A209E005EF5CA /* ISProfileReport.nib in Resources */,
				D3191CAF07E3A51700821D03 /* InfoPlist.strings in Resources */,
				D3D7BB560809B0EC005EF5CA /* ProfileReport.css in Resources */,
				D3C1126E084565DF000AA2BC /* Localizable.strings in Resources */,
				D3D394CA09BC0658004E215A /* ArtistDetails.nib in Resources */,
				D306F89109EC34F80011CEE1 /* no_artist.tiff in Resources */,
				D306FC7A09EF550C0011CEE1 /* no_album.tiff in Resources */,
				D3EE90A30A093FF80024A013 /* checkmark.tif in Resources */,
				D31791370A6A9B5D00B0F081 /* BBNetUpdate.strings in Resources */,
				D31791380A6A9B5D00B0F081 /* BBNetUpdateAsk.nib in Resources */,
				D31791390A6A9B5D00B0F081 /* BBNetUpdateDownload.nib in Resources */,
				D317913A0A6A9B5D00B0F081 /* BBNetUpdateVersionCheck.nib in Resources */,
				D317913B0A6A9B5D00B0F081 /* BBNetUpdateConfig.plist in Resources */,
				D38F6D730B535AF800230DBE /* Recommend.nib in Resources */,
				D38F6FB60B541A6300230DBE /* Tag.nib in Resources */,
				D38F74BB0B56CDEC00230DBE /* LoveBanList.nib in Resources */,
				D3C3042D0CA28879001AEFEA /* highlight_blue.tiff in Resources */,
				D3C3042E0CA28879001AEFEA /* highlight_grey.tiff in Resources */,
				D3C30BA20CA45BE7001AEFEA /* ISRadioSearch.nib in Resources */,
				D376FC6A0CAD00A000C04863 /* iScrobbler.sdef in Resources */,
			);
			runOnlyForDeploymentPostprocessing = 0;
		};
		D37606360CB230A900C04863 /* Resources */ = {
			isa = PBXResourcesBuildPhase;
			buildActionMask = 2147483647;
			files = (
			);
			runOnlyForDeploymentPostprocessing = 0;
		};
/* End PBXResourcesBuildPhase section */

/* Begin PBXShellScriptBuildPhase section */
		D3B19FA90B5179F8008F54BF /* Set Build Number Script */ = {
			isa = PBXShellScriptBuildPhase;
			buildActionMask = 2147483647;
			files = (
			);
			inputPaths = (
			);
			name = "Set Build Number Script";
			outputPaths = (
			);
			runOnlyForDeploymentPostprocessing = 0;
			shellPath = "/usr/bin/perl -w";
			shellScript = "# Xcode auto-versioning script for Subversion\n# by Axel Andersson, modified by Daniel Jalkut and Timothy Hatcher\n\nuse strict;\n\n# Get the current subversion revision number and use it to set the CFBundleVersion value\nmy $infoFile = \"$ENV{BUILT_PRODUCTS_DIR}/$ENV{INFOPLIST_PATH}\";\nmy $version = undef;\n$version = `/usr/bin/svnversion -n .` if -e \"/usr/bin/svnversion\";\n$version = `/usr/local/bin/svnversion -n .` if -e \"/usr/local/bin/svnversion\";\n$version = `/opt/local/bin/svnversion -n .` if -e \"/opt/local/bin/svnversion\";\n\n# Match the last group of digits:\n($version =~ m/(\\d+)[MS]*$/) && ($version = $1);\n\nif( $version ) {\n\topen( FH, \"$infoFile\" ) or die \"$0: $infoFile: $!\";\n\tmy $content = join( \"\", <FH> );\n\tclose( FH );\n\t\n\t$content =~ s/(\\s+<key>CFBundleVersion<\\/key>\\s+<string>).*?(<\\/string>)/$1$version$2/;\n\t\n\topen( FH, \">$infoFile\" ) or die \"$0: $infoFile: $!\";\n\tprint FH $content;\n\tclose( FH );\n}\n";
		};
/* End PBXShellScriptBuildPhase section */

/* Begin PBXSourcesBuildPhase section */
		D3191CB307E3A51700821D03 /* Sources */ = {
			isa = PBXSourcesBuildPhase;
			buildActionMask = 2147483647;
			files = (
				D3191CB507E3A51700821D03 /* iScrobblerController.m in Sources */,
				D3191CB607E3A51700821D03 /* PreferenceController.m in Sources */,
				D3191CB707E3A51700821D03 /* main.m in Sources */,
				D3191CB807E3A51700821D03 /* SongData.m in Sources */,
				D3191CB907E3A51700821D03 /* QueueManager.m in Sources */,
				D3191CBA07E3A51700821D03 /* ProtocolManager.m in Sources */,
				D3191CBB07E3A51700821D03 /* ProtocolManager_v11.m in Sources */,
				D3191CBC07E3A51700821D03 /* ScrobLog.m in Sources */,
				D3191CBD07E3A51700821D03 /* StatisticsController.m in Sources */,
				D3191CBE07E3A51700821D03 /* TopListsController.m in Sources */,
				D3191CBF07E3A51700821D03 /* ISSearchArrayController.m in Sources */,
				D3EC7C9E080858F800392110 /* KFAppleScriptHandlerAdditionsCore.m in Sources */,
				D3EC7CA0080858F800392110 /* KFASHandlerAdditions-TypeTranslation.m in Sources */,
				D3D7BB070809AC26005EF5CA /* ISProfileDocumentController.m in Sources */,
				D3D3945209BBF8D1004E215A /* ISArtistDetailsController.m in Sources */,
				D3EE9CC70A144A470024A013 /* MBID.c in Sources */,
				D31791320A6A9B5D00B0F081 /* BBNetUpdateAskController.m in Sources */,
				D31791340A6A9B5D00B0F081 /* BBNetUpdateDownloadController.m in Sources */,
				D31791360A6A9B5D00B0F081 /* BBNetUpdateVersionCheckController.m in Sources */,
				D3B1A0D00B51A1B2008F54BF /* ASXMLRPC.m in Sources */,
				D38F6CD00B53514400230DBE /* ISRecommendController.m in Sources */,
				D38F6FBA0B541A9100230DBE /* ISTagController.m in Sources */,
				D38F74BF0B56CE2800230DBE /* ISLoveBanListController.m in Sources */,
				D39A88350BE68D4000F65AF5 /* ProtocolManager_v12.m in Sources */,
				D3C3FBA80C9D95A3001AEFEA /* ASWebServices.m in Sources */,
				D3C3FBB70C9DACA6001AEFEA /* ISRadioController.m in Sources */,
				D3C304300CA28879001AEFEA /* LNSSourceListCell.m in Sources */,
				D3C304320CA28879001AEFEA /* LNSSourceListColumn.m in Sources */,
				D3C304340CA28879001AEFEA /* LNSSourceListSourceGroupCell.m in Sources */,
				D3C304360CA28879001AEFEA /* LNSSourceListView.m in Sources */,
				D3C304400CA288EA001AEFEA /* ISRadioSearchController.m in Sources */,
				D376EC6C0CA8E21900C04863 /* ISStatusItem.m in Sources */,
				D376EE950CA9153E00C04863 /* ISStatusItemView.m in Sources */,
				D37605590CB18BF700C04863 /* ISPluginController.m in Sources */,
				D3760CCA0CB4241900C04863 /* Persistence.m in Sources */,
				D37610AD0CB5314900C04863 /* iScrobbler.xcdatamodel in Sources */,
				D37622750CBD803500C04863 /* keychain.m in Sources */,
				D3F4A4350CC4FF4B000DCBB6 /* ISThreadMessenger.m in Sources */,
				D3F4A4E90CC56EA9000DCBB6 /* PersistentSessionManager.m in Sources */,
				D30BC00A0CCF650C005DCFA2 /* ASXMLFile.m in Sources */,
				D34BF2EB0CD2D6BA002BC0DF /* ISiTunesLibrary.m in Sources */,
				D329070B0CDB4E0600CAAB66 /* LoginItemsAE.c in Sources */,
			);
			runOnlyForDeploymentPostprocessing = 0;
		};
		D37606370CB230A900C04863 /* Sources */ = {
			isa = PBXSourcesBuildPhase;
			buildActionMask = 2147483647;
			files = (
				D376063F0CB230E300C04863 /* ChatStatus.m in Sources */,
			);
			runOnlyForDeploymentPostprocessing = 0;
		};
/* End PBXSourcesBuildPhase section */

/* Begin PBXTargetDependency section */
		D37606620CB2360400C04863 /* PBXTargetDependency */ = {
			isa = PBXTargetDependency;
			target = D37606390CB230A900C04863 /* ChatStatus */;
			targetProxy = D37606610CB2360400C04863 /* PBXContainerItemProxy */;
		};
/* End PBXTargetDependency section */

/* Begin PBXVariantGroup section */
		089C165CFE840E0CC02AAC07 /* InfoPlist.strings */ = {
			isa = PBXVariantGroup;
			children = (
				089C165DFE840E0CC02AAC07 /* English */,
			);
			name = InfoPlist.strings;
			sourceTree = "<group>";
		};
		29B97318FDCFA39411CA2CEA /* MainMenu.nib */ = {
			isa = PBXVariantGroup;
			children = (
				29B97319FDCFA39411CA2CEA /* English */,
			);
			name = MainMenu.nib;
			sourceTree = "<group>";
		};
		D317911C0A6A9B5C00B0F081 /* BBNetUpdate.strings */ = {
			isa = PBXVariantGroup;
			children = (
				D317911D0A6A9B5C00B0F081 /* English */,
			);
			name = BBNetUpdate.strings;
			sourceTree = "<group>";
		};
		D317911E0A6A9B5C00B0F081 /* BBNetUpdateAsk.nib */ = {
			isa = PBXVariantGroup;
			children = (
				D317911F0A6A9B5C00B0F081 /* English */,
			);
			name = BBNetUpdateAsk.nib;
			sourceTree = "<group>";
		};
		D31791200A6A9B5C00B0F081 /* BBNetUpdateDownload.nib */ = {
			isa = PBXVariantGroup;
			children = (
				D31791210A6A9B5C00B0F081 /* English */,
			);
			name = BBNetUpdateDownload.nib;
			sourceTree = "<group>";
		};
		D31791220A6A9B5C00B0F081 /* BBNetUpdateVersionCheck.nib */ = {
			isa = PBXVariantGroup;
			children = (
				D31791230A6A9B5C00B0F081 /* English */,
			);
			name = BBNetUpdateVersionCheck.nib;
			sourceTree = "<group>";
		};
		D38F6D710B535AF800230DBE /* Recommend.nib */ = {
			isa = PBXVariantGroup;
			children = (
				D38F6D720B535AF800230DBE /* English */,
			);
			name = Recommend.nib;
			sourceTree = "<group>";
		};
		D38F6FB40B541A6300230DBE /* Tag.nib */ = {
			isa = PBXVariantGroup;
			children = (
				D38F6FB50B541A6300230DBE /* English */,
			);
			name = Tag.nib;
			sourceTree = "<group>";
		};
		D38F74B90B56CDEC00230DBE /* LoveBanList.nib */ = {
			isa = PBXVariantGroup;
			children = (
				D38F74BA0B56CDEC00230DBE /* English */,
			);
			name = LoveBanList.nib;
			sourceTree = "<group>";
		};
		D3C1126C084565DF000AA2BC /* Localizable.strings */ = {
			isa = PBXVariantGroup;
			children = (
				D3C1126D084565DF000AA2BC /* de */,
			);
			name = Localizable.strings;
			sourceTree = "<group>";
		};
		D3CB130E07750960009236FF /* StatisticsController.nib */ = {
			isa = PBXVariantGroup;
			children = (
				D3CB130F07750960009236FF /* English */,
			);
			name = StatisticsController.nib;
			sourceTree = "<group>";
		};
		D3CB13A1077514A7009236FF /* Preferences.nib */ = {
			isa = PBXVariantGroup;
			children = (
				F575CEAE02FF7FB901A80164 /* English */,
			);
			name = Preferences.nib;
			sourceTree = "<group>";
		};
		D3CB38A207A59AE5009236FF /* TopLists.nib */ = {
			isa = PBXVariantGroup;
			children = (
				D3CB38A307A59AE5009236FF /* English */,
			);
			name = TopLists.nib;
			sourceTree = "<group>";
		};
		D3D394C809BC0658004E215A /* ArtistDetails.nib */ = {
			isa = PBXVariantGroup;
			children = (
				D3D394C909BC0658004E215A /* English */,
			);
			name = ArtistDetails.nib;
			sourceTree = "<group>";
		};
		D3D7BAFF0809A806005EF5CA /* ISProfileReport.nib */ = {
			isa = PBXVariantGroup;
			children = (
				D3D7BB000809A806005EF5CA /* English */,
			);
			name = ISProfileReport.nib;
			sourceTree = "<group>";
		};
/* End PBXVariantGroup section */

/* Begin XCBuildConfiguration section */
		D328477F08566B30009B4D14 /* Debug */ = {
			isa = XCBuildConfiguration;
			buildSettings = {
				FRAMEWORK_SEARCH_PATHS = "${SRCROOT}";
				GCC_MODEL_CPU = "";
				INFOPLIST_FILE = "res/Info-iScrobbler.plist";
				INSTALL_PATH = "$(HOME)/Applications";
				OTHER_CFLAGS = (
					"$(inherited)",
					"-DISDEBUG",
				);
				PRODUCT_NAME = iScrobbler;
				WARNING_CFLAGS = (
					"-Wmost",
					"-Wno-four-char-constants",
					"-Wno-unknown-pragmas",
				);
				WRAPPER_EXTENSION = app;
			};
			name = Debug;
		};
		D328478008566B30009B4D14 /* Release */ = {
			isa = XCBuildConfiguration;
			buildSettings = {
				FRAMEWORK_SEARCH_PATHS = "${SRCROOT}";
				INFOPLIST_FILE = "res/Info-iScrobbler.plist";
				INSTALL_PATH = "$(HOME)/Applications";
				PRODUCT_NAME = iScrobbler;
				WARNING_CFLAGS = (
					"-Wmost",
					"-Wno-four-char-constants",
					"-Wno-unknown-pragmas",
				);
				WRAPPER_EXTENSION = app;
			};
			name = Release;
		};
		D328478308566B30009B4D14 /* Debug */ = {
			isa = XCBuildConfiguration;
			buildSettings = {
				ARCHS = (
					i386,
					ppc,
				);
				COPY_PHASE_STRIP = NO;
				GCC_C_LANGUAGE_STANDARD = gnu99;
				GCC_DYNAMIC_NO_PIC = YES;
				GCC_ENABLE_OBJC_EXCEPTIONS = YES;
				GCC_ENABLE_PASCAL_STRINGS = NO;
				GCC_FAST_OBJC_DISPATCH = NO;
				GCC_MODEL_TUNING = G5;
				GCC_OPTIMIZATION_LEVEL = 0;
				GCC_PRECOMPILE_PREFIX_HEADER = YES;
				GCC_PREFIX_HEADER = src/ISPrefix.h;
				GCC_PREPROCESSOR_DEFINITIONS = "NS_BUILD_32_LIKE_64=1";
				MACOSX_DEPLOYMENT_TARGET = 10.4;
				"MACOSX_DEPLOYMENT_TARGET[arch=x86_64]" = 10.5;
				PREBINDING = NO;
				SDKROOT = "$(DEVELOPER_SDK_DIR)/MacOSX10.5.sdk";
				STRIP_INSTALLED_PRODUCT = NO;
			};
			name = Debug;
		};
		D328478408566B30009B4D14 /* Release */ = {
			isa = XCBuildConfiguration;
			buildSettings = {
				ARCHS = (
					i386,
					ppc,
				);
				COPY_PHASE_STRIP = NO;
				GCC_C_LANGUAGE_STANDARD = gnu99;
				GCC_DYNAMIC_NO_PIC = YES;
				GCC_ENABLE_OBJC_EXCEPTIONS = YES;
				GCC_ENABLE_PASCAL_STRINGS = NO;
				GCC_FAST_OBJC_DISPATCH = NO;
				GCC_MODEL_TUNING = G5;
				GCC_PRECOMPILE_PREFIX_HEADER = YES;
				GCC_PREFIX_HEADER = src/ISPrefix.h;
				GCC_PREPROCESSOR_DEFINITIONS = "NS_BUILD_32_LIKE_64=1";
				MACOSX_DEPLOYMENT_TARGET = 10.4;
				"MACOSX_DEPLOYMENT_TARGET[arch=x86_64]" = 10.5;
				PREBINDING = NO;
				SDKROOT = "$(DEVELOPER_SDK_DIR)/MacOSX10.5.sdk";
				STRIP_INSTALLED_PRODUCT = NO;
			};
			name = Release;
		};
		D32906770CDA8D9700CAAB66 /* Debug-Internal */ = {
			isa = XCBuildConfiguration;
			buildSettings = {
				ARCHS = x86_64;
				COPY_PHASE_STRIP = NO;
				GCC_C_LANGUAGE_STANDARD = gnu99;
				GCC_DYNAMIC_NO_PIC = YES;
				GCC_ENABLE_OBJC_EXCEPTIONS = YES;
				GCC_ENABLE_PASCAL_STRINGS = NO;
				GCC_FAST_OBJC_DISPATCH = NO;
				GCC_MODEL_TUNING = G5;
				GCC_OPTIMIZATION_LEVEL = 0;
				GCC_PRECOMPILE_PREFIX_HEADER = YES;
				GCC_PREFIX_HEADER = src/ISPrefix.h;
				GCC_PREPROCESSOR_DEFINITIONS = "NS_BUILD_32_LIKE_64=1";
				MACOSX_DEPLOYMENT_TARGET = 10.4;
				"MACOSX_DEPLOYMENT_TARGET[arch=x86_64]" = 10.5;
				PREBINDING = NO;
				SDKROOT = "$(DEVELOPER_SDK_DIR)/MacOSX10.5.sdk";
				STRIP_INSTALLED_PRODUCT = NO;
			};
			name = "Debug-Internal";
		};
		D32906780CDA8D9700CAAB66 /* Debug-Internal */ = {
			isa = XCBuildConfiguration;
			buildSettings = {
				FRAMEWORK_SEARCH_PATHS = "${SRCROOT}";
				GCC_MODEL_CPU = "";
				INFOPLIST_FILE = "res/Info-iScrobbler.plist";
				INSTALL_PATH = "$(HOME)/Applications";
				OTHER_CFLAGS = (
					"$(inherited)",
					"-DISDEBUG",
				);
				PRODUCT_NAME = iScrobbler;
				WARNING_CFLAGS = (
					"-Wmost",
					"-Wno-four-char-constants",
					"-Wno-unknown-pragmas",
				);
				WRAPPER_EXTENSION = app;
			};
			name = "Debug-Internal";
		};
		D32906790CDA8D9700CAAB66 /* Debug-Internal */ = {
			isa = XCBuildConfiguration;
			buildSettings = {
				GCC_DYNAMIC_NO_PIC = NO;
				GCC_GENERATE_DEBUGGING_SYMBOLS = YES;
				GCC_MODEL_TUNING = G5;
				GCC_PRECOMPILE_PREFIX_HEADER = YES;
				GCC_PREFIX_HEADER = "$(SYSTEM_LIBRARY_DIR)/Frameworks/AppKit.framework/Headers/AppKit.h";
				INFOPLIST_FILE = "src/Plugins/ChatStatus/ChatStatus-Info.plist";
				INSTALL_PATH = "$(HOME)/Library/Bundles";
				OTHER_CFLAGS = (
					"$(inherited)",
					"-DISPLUGIN",
				);
				PRODUCT_NAME = ChatStatus;
				WRAPPER_EXTENSION = plugin;
			};
			name = "Debug-Internal";
		};
		D376063D0CB230AA00C04863 /* Debug */ = {
			isa = XCBuildConfiguration;
			buildSettings = {
				GCC_DYNAMIC_NO_PIC = NO;
				GCC_GENERATE_DEBUGGING_SYMBOLS = YES;
				GCC_MODEL_TUNING = G5;
				GCC_PRECOMPILE_PREFIX_HEADER = YES;
				GCC_PREFIX_HEADER = "$(SYSTEM_LIBRARY_DIR)/Frameworks/AppKit.framework/Headers/AppKit.h";
				INFOPLIST_FILE = "src/Plugins/ChatStatus/ChatStatus-Info.plist";
				INSTALL_PATH = "$(HOME)/Library/Bundles";
				OTHER_CFLAGS = (
					"$(inherited)",
					"-DISPLUGIN",
				);
				PRODUCT_NAME = ChatStatus;
				WRAPPER_EXTENSION = plugin;
			};
			name = Debug;
		};
		D376063E0CB230AA00C04863 /* Release */ = {
			isa = XCBuildConfiguration;
			buildSettings = {
				GCC_DYNAMIC_NO_PIC = NO;
				GCC_GENERATE_DEBUGGING_SYMBOLS = YES;
				GCC_MODEL_TUNING = G5;
				GCC_PRECOMPILE_PREFIX_HEADER = YES;
				GCC_PREFIX_HEADER = "$(SYSTEM_LIBRARY_DIR)/Frameworks/AppKit.framework/Headers/AppKit.h";
				INFOPLIST_FILE = "src/Plugins/iChatStatus/ChatStatus-Info.plist";
				INSTALL_PATH = "$(HOME)/Library/Bundles";
				OTHER_CFLAGS = (
					"$(inherited)",
					"-DISPLUGIN",
				);
				OTHER_LDFLAGS = (
					"-framework",
					Foundation,
					"-framework",
					AppKit,
				);
				PRODUCT_NAME = iChatStatus;
				WRAPPER_EXTENSION = plugin;
			};
			name = Release;
		};
/* End XCBuildConfiguration section */

/* Begin XCConfigurationList section */
		D328477E08566B30009B4D14 /* Build configuration list for PBXNativeTarget "iScrobbler" */ = {
			isa = XCConfigurationList;
			buildConfigurations = (
				D328477F08566B30009B4D14 /* Debug */,
				D32906780CDA8D9700CAAB66 /* Debug-Internal */,
				D328478008566B30009B4D14 /* Release */,
			);
			defaultConfigurationIsVisible = 0;
			defaultConfigurationName = Debug;
		};
		D328478208566B30009B4D14 /* Build configuration list for PBXProject "iScrobbler" */ = {
			isa = XCConfigurationList;
			buildConfigurations = (
				D328478308566B30009B4D14 /* Debug */,
				D32906770CDA8D9700CAAB66 /* Debug-Internal */,
				D328478408566B30009B4D14 /* Release */,
			);
			defaultConfigurationIsVisible = 0;
			defaultConfigurationName = Debug;
		};
		D376063C0CB230AA00C04863 /* Build configuration list for PBXNativeTarget "ChatStatus" */ = {
			isa = XCConfigurationList;
			buildConfigurations = (
				D376063D0CB230AA00C04863 /* Debug */,
				D32906790CDA8D9700CAAB66 /* Debug-Internal */,
				D376063E0CB230AA00C04863 /* Release */,
			);
			defaultConfigurationIsVisible = 0;
			defaultConfigurationName = Debug;
		};
/* End XCConfigurationList section */
	};
	rootObject = 29B97313FDCFA39411CA2CEA /* Project object */;
}
